PODS:
  - ForecastIO (1.3.3)
  - Nimble (3.1.0)

DEPENDENCIES:
  - ForecastIO (from `../`)
  - Nimble (~> 3.1)

EXTERNAL SOURCES:
  ForecastIO:
    :path: "../"

SPEC CHECKSUMS:
  ForecastIO: 7c3a6121f9d3beaa47f0418ffad572971107de87
  Nimble: 79d40f4d69d47314229bbabacaa02b8838c779b9

COCOAPODS: 0.39.0
