PODS:
  - ForecastIO (3.0.0)
  - OHHTTPStubs (5.2.1):
    - OHHTTPStubs/Default (= 5.2.1)
  - OHHTTPStubs/Core (5.2.1)
  - OHHTTPStubs/Default (5.2.1):
    - OHHTTPStubs/Core
    - OHHTTPStubs/JSON
    - OHHTTPStubs/NSURLSession
    - OHHTTPStubs/OHPathHelpers
  - OHHTTPStubs/JSON (5.2.1):
    - OHHTTPStubs/Core
  - OHHTTPStubs/NSURLSession (5.2.1):
    - OHHTTPStubs/Core
  - OHHTTPStubs/OHPathHelpers (5.2.1)
  - OHHTTPStubs/Swift (5.2.1):
    - OHHTTPStubs/Core

DEPENDENCIES:
  - ForecastIO (from `./`)
  - OHHTTPStubs
  - OHHTTPStubs/Swift

EXTERNAL SOURCES:
  ForecastIO:
    :path: "./"

SPEC CHECKSUMS:
  ForecastIO: dd4bc4a7e2c2adcdec63bf6ae0d74c3b277bdd5d
  OHHTTPStubs: 3a42f25c00563b71355ac73112ba2324e9e6cef4

PODFILE CHECKSUM: 7fc2e510bf2c5d97ec123f34502420d7da1c5016

COCOAPODS: 1.0.1
