PODS:
  - ForecastIO (2.1.1)
  - OHHTTPStubs (4.8.0):
    - OHHTTPStubs/Default (= 4.8.0)
  - OHHTTPStubs/Core (4.8.0)
  - OHHTTPStubs/Default (4.8.0):
    - OHHTTPStubs/Core
    - OHHTTPStubs/JSON
    - OHHTTPStubs/NSURLSession
    - OHHTTPStubs/OHPathHelpers
  - OHHTTPStubs/JSON (4.8.0):
    - OHHTTPStubs/Core
  - OHHTTPStubs/NSURLSession (4.8.0):
    - OHHTTPStubs/Core
  - OHHTTPStubs/OHPathHelpers (4.8.0)
  - OHHTTPStubs/Swift (4.8.0):
    - OHHTTPStubs/Core

DEPENDENCIES:
  - ForecastIO (from `./`)
  - OHHTTPStubs (~> 4.7)
  - OHHTTPStubs/Swift (~> 4.7)

EXTERNAL SOURCES:
  ForecastIO:
    :path: "./"

SPEC CHECKSUMS:
  ForecastIO: a195c8ec7bd3f23ed856fce1bbf2f141abc45dc8
  OHHTTPStubs: b393565822317305b87a1440d4c7aff131679f66

PODFILE CHECKSUM: 9d00fec370fd838a8e0f5c71e03a2b31960f8543

COCOAPODS: 1.0.1
