// !$*UTF8*$!
{
	archiveVersion = 1;
	classes = {
	};
	objectVersion = 46;
	objects = {

/* Begin PBXBuildFile section */
		0947BEFFB82BD84CB88FCD861368A67F /* Pods-ForecastIO_Tests-dummy.m in Sources */ = {isa = PBXBuildFile; fileRef = 0E16A278F2E7646BA4F69743874B4A48 /* Pods-ForecastIO_Tests-dummy.m */; };
		263845420D6884EB70631F45347FF561 /* Foundation.framework in Frameworks */ = {isa = PBXBuildFile; fileRef = 3E4E89230EF59BC255123B67864ACF77 /* Foundation.framework */; };
		4F830F601C3BEE140062D714 /* Units.swift in Sources */ = {isa = PBXBuildFile; fileRef = 4F830F5F1C3BEE140062D714 /* Units.swift */; };
		99DDEA407AFC1B8A6B7DA975EC9F410C /* Foundation.framework in Frameworks */ = {isa = PBXBuildFile; fileRef = 3E4E89230EF59BC255123B67864ACF77 /* Foundation.framework */; };
		B889F257B1097A3A7718A058EF01D403 /* ForecastIO.bundle in Resources */ = {isa = PBXBuildFile; fileRef = 159C6F0EB225E10472F43DFE6FBE6E9F /* ForecastIO.bundle */; };
		D41964591C2A82A300386CC4 /* Alert.swift in Sources */ = {isa = PBXBuildFile; fileRef = D41964511C2A82A300386CC4 /* Alert.swift */; };
		D419645A1C2A82A300386CC4 /* APIClient.swift in Sources */ = {isa = PBXBuildFile; fileRef = D41964521C2A82A300386CC4 /* APIClient.swift */; };
		D419645B1C2A82A300386CC4 /* DataBlock.swift in Sources */ = {isa = PBXBuildFile; fileRef = D41964531C2A82A300386CC4 /* DataBlock.swift */; };
		D419645C1C2A82A300386CC4 /* DataPoint.swift in Sources */ = {isa = PBXBuildFile; fileRef = D41964541C2A82A300386CC4 /* DataPoint.swift */; };
		D419645D1C2A82A300386CC4 /* Flag.swift in Sources */ = {isa = PBXBuildFile; fileRef = D41964551C2A82A300386CC4 /* Flag.swift */; };
		D419645E1C2A82A300386CC4 /* Forecast.swift in Sources */ = {isa = PBXBuildFile; fileRef = D41964561C2A82A300386CC4 /* Forecast.swift */; };
		D419645F1C2A82A300386CC4 /* Icon.swift in Sources */ = {isa = PBXBuildFile; fileRef = D41964571C2A82A300386CC4 /* Icon.swift */; };
		D41964601C2A82A300386CC4 /* Precipitation.swift in Sources */ = {isa = PBXBuildFile; fileRef = D41964581C2A82A300386CC4 /* Precipitation.swift */; };
		F180E99B2322C35A6EF2DAAEDDB5CD18 /* Pods-ForecastIO_Tests-umbrella.h in Headers */ = {isa = PBXBuildFile; fileRef = 32351A3E3B8333B7F3F535C6CE5377B3 /* Pods-ForecastIO_Tests-umbrella.h */; settings = {ATTRIBUTES = (Public, ); }; };
		F6266B8AC4E9F24BAFB4897F797B6A4A /* ForecastIO-umbrella.h in Headers */ = {isa = PBXBuildFile; fileRef = 086DCEA52BC611DF841EFFA90C192104 /* ForecastIO-umbrella.h */; settings = {ATTRIBUTES = (Public, ); }; };
/* End PBXBuildFile section */

/* Begin PBXContainerItemProxy section */
		B9B7D09B34B37979A7E83E2583E81EDB /* PBXContainerItemProxy */ = {
			isa = PBXContainerItemProxy;
			containerPortal = D41D8CD98F00B204E9800998ECF8427E /* Project object */;
			proxyType = 1;
			remoteGlobalIDString = AD9ADA4ADD7D6FEF95F26036F4254813;
			remoteInfo = "ForecastIO-ForecastIO";
		};
		FF6FA9E06AB8221C9E798AD92F6DDFCE /* PBXContainerItemProxy */ = {
			isa = PBXContainerItemProxy;
			containerPortal = D41D8CD98F00B204E9800998ECF8427E /* Project object */;
			proxyType = 1;
			remoteGlobalIDString = 39ED6CDC99672303F992B722C0ABD571;
			remoteInfo = ForecastIO;
		};
/* End PBXContainerItemProxy section */

/* Begin PBXFileReference section */
		086DCEA52BC611DF841EFFA90C192104 /* ForecastIO-umbrella.h */ = {isa = PBXFileReference; includeInIndex = 1; lastKnownFileType = sourcecode.c.h; path = "ForecastIO-umbrella.h"; sourceTree = "<group>"; };
		0E16A278F2E7646BA4F69743874B4A48 /* Pods-ForecastIO_Tests-dummy.m */ = {isa = PBXFileReference; includeInIndex = 1; lastKnownFileType = sourcecode.c.objc; path = "Pods-ForecastIO_Tests-dummy.m"; sourceTree = "<group>"; };
		14302BD5F95EC6C5F11DB3E7BA1B8F1C /* Pods-ForecastIO_Tests.modulemap */ = {isa = PBXFileReference; includeInIndex = 1; lastKnownFileType = "sourcecode.module-map"; path = "Pods-ForecastIO_Tests.modulemap"; sourceTree = "<group>"; };
		159C6F0EB225E10472F43DFE6FBE6E9F /* ForecastIO.bundle */ = {isa = PBXFileReference; explicitFileType = wrapper.cfbundle; includeInIndex = 0; path = ForecastIO.bundle; sourceTree = BUILT_PRODUCTS_DIR; };
		19EE416232CA94F2867B7B2BFA03CD1F /* Pods-ForecastIO_Tests-acknowledgements.plist */ = {isa = PBXFileReference; includeInIndex = 1; lastKnownFileType = text.plist.xml; path = "Pods-ForecastIO_Tests-acknowledgements.plist"; sourceTree = "<group>"; };
		1B041566592C50F0B719E4E8E5FBF576 /* Pods-ForecastIO_Tests-acknowledgements.markdown */ = {isa = PBXFileReference; includeInIndex = 1; lastKnownFileType = text; path = "Pods-ForecastIO_Tests-acknowledgements.markdown"; sourceTree = "<group>"; };
		32351A3E3B8333B7F3F535C6CE5377B3 /* Pods-ForecastIO_Tests-umbrella.h */ = {isa = PBXFileReference; includeInIndex = 1; lastKnownFileType = sourcecode.c.h; path = "Pods-ForecastIO_Tests-umbrella.h"; sourceTree = "<group>"; };
		337A10E99167C9110BBE1632B020297C /* Pods-ForecastIO_Tests-resources.sh */ = {isa = PBXFileReference; includeInIndex = 1; lastKnownFileType = text.script.sh; path = "Pods-ForecastIO_Tests-resources.sh"; sourceTree = "<group>"; };
		37C0AAF154B7E82E9459B85BB385E439 /* ForecastIO-dummy.m */ = {isa = PBXFileReference; includeInIndex = 1; lastKnownFileType = sourcecode.c.objc; path = "ForecastIO-dummy.m"; sourceTree = "<group>"; };
		3E4E89230EF59BC255123B67864ACF77 /* Foundation.framework */ = {isa = PBXFileReference; lastKnownFileType = wrapper.framework; name = Foundation.framework; path = Platforms/iPhoneOS.platform/Developer/SDKs/iPhoneOS9.0.sdk/System/Library/Frameworks/Foundation.framework; sourceTree = DEVELOPER_DIR; };
		4E37A457F6965B50848575FC6E594ADE /* ForecastIO-prefix.pch */ = {isa = PBXFileReference; includeInIndex = 1; lastKnownFileType = sourcecode.c.h; path = "ForecastIO-prefix.pch"; sourceTree = "<group>"; };
		4F830F5F1C3BEE140062D714 /* Units.swift */ = {isa = PBXFileReference; fileEncoding = 4; lastKnownFileType = sourcecode.swift; name = Units.swift; path = Pod/Classes/Units.swift; sourceTree = SOURCE_ROOT; };
		52F3D67303609FDA6D12254CB10EDE7C /* ForecastIO.framework */ = {isa = PBXFileReference; explicitFileType = wrapper.framework; includeInIndex = 0; path = ForecastIO.framework; sourceTree = BUILT_PRODUCTS_DIR; };
		5C85020B95E0B2EEA0183C39EE295015 /* Info.plist */ = {isa = PBXFileReference; includeInIndex = 1; lastKnownFileType = text.plist.xml; path = Info.plist; sourceTree = "<group>"; };
		682C8162BA3FB5DECA9B092DF2DA1009 /* Pods-ForecastIO_Tests.debug.xcconfig */ = {isa = PBXFileReference; includeInIndex = 1; lastKnownFileType = text.xcconfig; path = "Pods-ForecastIO_Tests.debug.xcconfig"; sourceTree = "<group>"; };
		7D7F7B10BD4650B105959B552E43CDB0 /* ForecastIO.modulemap */ = {isa = PBXFileReference; includeInIndex = 1; lastKnownFileType = "sourcecode.module-map"; path = ForecastIO.modulemap; sourceTree = "<group>"; };
		9507FAA7518022B5716C4A8FA9EB5C8F /* Pods-ForecastIO_Tests-frameworks.sh */ = {isa = PBXFileReference; includeInIndex = 1; lastKnownFileType = text.script.sh; path = "Pods-ForecastIO_Tests-frameworks.sh"; sourceTree = "<group>"; };
		BA6428E9F66FD5A23C0A2E06ED26CD2F /* Podfile */ = {isa = PBXFileReference; includeInIndex = 1; lastKnownFileType = text; name = Podfile; path = Example/Podfile; sourceTree = SOURCE_ROOT; xcLanguageSpecificationIdentifier = xcode.lang.ruby; };
		BA770BF681D7D1C70BBE88633BCF9413 /* Pods_ForecastIO_Tests.framework */ = {isa = PBXFileReference; explicitFileType = wrapper.framework; includeInIndex = 0; path = Pods_ForecastIO_Tests.framework; sourceTree = BUILT_PRODUCTS_DIR; };
		C5DD64D12CC47D5B2ECCB1551ED21F8F /* Info.plist */ = {isa = PBXFileReference; includeInIndex = 1; lastKnownFileType = text.plist.xml; path = Info.plist; sourceTree = "<group>"; };
		D41964281C2A7F9700386CC4 /* ForecastIO.xcconfig */ = {isa = PBXFileReference; lastKnownFileType = text.xcconfig; path = ForecastIO.xcconfig; sourceTree = "<group>"; };
		D41964511C2A82A300386CC4 /* Alert.swift */ = {isa = PBXFileReference; fileEncoding = 4; lastKnownFileType = sourcecode.swift; name = Alert.swift; path = Pod/Classes/Alert.swift; sourceTree = SOURCE_ROOT; };
		D41964521C2A82A300386CC4 /* APIClient.swift */ = {isa = PBXFileReference; fileEncoding = 4; lastKnownFileType = sourcecode.swift; name = APIClient.swift; path = Pod/Classes/APIClient.swift; sourceTree = SOURCE_ROOT; };
		D41964531C2A82A300386CC4 /* DataBlock.swift */ = {isa = PBXFileReference; fileEncoding = 4; lastKnownFileType = sourcecode.swift; name = DataBlock.swift; path = Pod/Classes/DataBlock.swift; sourceTree = SOURCE_ROOT; };
		D41964541C2A82A300386CC4 /* DataPoint.swift */ = {isa = PBXFileReference; fileEncoding = 4; lastKnownFileType = sourcecode.swift; name = DataPoint.swift; path = Pod/Classes/DataPoint.swift; sourceTree = SOURCE_ROOT; };
		D41964551C2A82A300386CC4 /* Flag.swift */ = {isa = PBXFileReference; fileEncoding = 4; lastKnownFileType = sourcecode.swift; name = Flag.swift; path = Pod/Classes/Flag.swift; sourceTree = SOURCE_ROOT; };
		D41964561C2A82A300386CC4 /* Forecast.swift */ = {isa = PBXFileReference; fileEncoding = 4; lastKnownFileType = sourcecode.swift; name = Forecast.swift; path = Pod/Classes/Forecast.swift; sourceTree = SOURCE_ROOT; };
		D41964571C2A82A300386CC4 /* Icon.swift */ = {isa = PBXFileReference; fileEncoding = 4; lastKnownFileType = sourcecode.swift; name = Icon.swift; path = Pod/Classes/Icon.swift; sourceTree = SOURCE_ROOT; };
		D41964581C2A82A300386CC4 /* Precipitation.swift */ = {isa = PBXFileReference; fileEncoding = 4; lastKnownFileType = sourcecode.swift; name = Precipitation.swift; path = Pod/Classes/Precipitation.swift; sourceTree = SOURCE_ROOT; };
		F6F12F3D7E2A1E1CEBCFBA32D50B413A /* Pods-ForecastIO_Tests.release.xcconfig */ = {isa = PBXFileReference; includeInIndex = 1; lastKnownFileType = text.xcconfig; path = "Pods-ForecastIO_Tests.release.xcconfig"; sourceTree = "<group>"; };
/* End PBXFileReference section */

/* Begin PBXFrameworksBuildPhase section */
		419C364F659A84DA1832697090F09696 /* Frameworks */ = {
			isa = PBXFrameworksBuildPhase;
			buildActionMask = 2147483647;
			files = (
				263845420D6884EB70631F45347FF561 /* Foundation.framework in Frameworks */,
			);
			runOnlyForDeploymentPostprocessing = 0;
		};
		DD41C16732B0A9B446E946E0ABD2883F /* Frameworks */ = {
			isa = PBXFrameworksBuildPhase;
			buildActionMask = 2147483647;
			files = (
			);
			runOnlyForDeploymentPostprocessing = 0;
		};
		E4D8B7E7E5E923E5F131E208B6E0C02C /* Frameworks */ = {
			isa = PBXFrameworksBuildPhase;
			buildActionMask = 2147483647;
			files = (
				99DDEA407AFC1B8A6B7DA975EC9F410C /* Foundation.framework in Frameworks */,
			);
			runOnlyForDeploymentPostprocessing = 0;
		};
/* End PBXFrameworksBuildPhase section */

/* Begin PBXGroup section */
		37ACAD3006862F256538056BFA7F87F4 /* Targets Support Files */ = {
			isa = PBXGroup;
			children = (
				AF77B5DF0733E660D6872D267E4C092A /* Pods-ForecastIO_Tests */,
			);
			name = "Targets Support Files";
			sourceTree = "<group>";
		};
		4617C46CA1912CF0ECFF7DC596DC784C /* Development Pods */ = {
			isa = PBXGroup;
			children = (
				63829531F57E96AF69A2F52E3496771A /* ForecastIO */,
			);
			name = "Development Pods";
			sourceTree = "<group>";
		};
		63829531F57E96AF69A2F52E3496771A /* ForecastIO */ = {
			isa = PBXGroup;
			children = (
				7AF9FE7F90FE262E944D6B956A21C5EC /* Pod */,
				80898B75239A63D0065BDE68F2B0A2A0 /* Support Files */,
			);
			name = ForecastIO;
			path = ../..;
			sourceTree = "<group>";
		};
		7AF9FE7F90FE262E944D6B956A21C5EC /* Pod */ = {
			isa = PBXGroup;
			children = (
				F44AB3438062228EE882FD6244885BD5 /* Classes */,
			);
			path = Pod;
			sourceTree = "<group>";
		};
		7DB346D0F39D3F0E887471402A8071AB = {
			isa = PBXGroup;
			children = (
				BA6428E9F66FD5A23C0A2E06ED26CD2F /* Podfile */,
				4617C46CA1912CF0ECFF7DC596DC784C /* Development Pods */,
				BC3CA7F9E30CC8F7E2DD044DD34432FC /* Frameworks */,
				8B40303E341216B1C5CF6E57ADE54857 /* Products */,
				37ACAD3006862F256538056BFA7F87F4 /* Targets Support Files */,
			);
			sourceTree = "<group>";
		};
		80898B75239A63D0065BDE68F2B0A2A0 /* Support Files */ = {
			isa = PBXGroup;
			children = (
				7D7F7B10BD4650B105959B552E43CDB0 /* ForecastIO.modulemap */,
				37C0AAF154B7E82E9459B85BB385E439 /* ForecastIO-dummy.m */,
				4E37A457F6965B50848575FC6E594ADE /* ForecastIO-prefix.pch */,
				086DCEA52BC611DF841EFFA90C192104 /* ForecastIO-umbrella.h */,
				C5DD64D12CC47D5B2ECCB1551ED21F8F /* Info.plist */,
				D41964281C2A7F9700386CC4 /* ForecastIO.xcconfig */,
			);
			name = "Support Files";
			path = "Satyam.io/ForecastIO/Example/Pods/Target Support Files/ForecastIO";
			sourceTree = "<group>";
		};
		8B40303E341216B1C5CF6E57ADE54857 /* Products */ = {
			isa = PBXGroup;
			children = (
				159C6F0EB225E10472F43DFE6FBE6E9F /* ForecastIO.bundle */,
				52F3D67303609FDA6D12254CB10EDE7C /* ForecastIO.framework */,
				BA770BF681D7D1C70BBE88633BCF9413 /* Pods_ForecastIO_Tests.framework */,
			);
			name = Products;
			sourceTree = "<group>";
		};
		AF77B5DF0733E660D6872D267E4C092A /* Pods-ForecastIO_Tests */ = {
			isa = PBXGroup;
			children = (
				5C85020B95E0B2EEA0183C39EE295015 /* Info.plist */,
				14302BD5F95EC6C5F11DB3E7BA1B8F1C /* Pods-ForecastIO_Tests.modulemap */,
				1B041566592C50F0B719E4E8E5FBF576 /* Pods-ForecastIO_Tests-acknowledgements.markdown */,
				19EE416232CA94F2867B7B2BFA03CD1F /* Pods-ForecastIO_Tests-acknowledgements.plist */,
				0E16A278F2E7646BA4F69743874B4A48 /* Pods-ForecastIO_Tests-dummy.m */,
				9507FAA7518022B5716C4A8FA9EB5C8F /* Pods-ForecastIO_Tests-frameworks.sh */,
				337A10E99167C9110BBE1632B020297C /* Pods-ForecastIO_Tests-resources.sh */,
				32351A3E3B8333B7F3F535C6CE5377B3 /* Pods-ForecastIO_Tests-umbrella.h */,
				682C8162BA3FB5DECA9B092DF2DA1009 /* Pods-ForecastIO_Tests.debug.xcconfig */,
				F6F12F3D7E2A1E1CEBCFBA32D50B413A /* Pods-ForecastIO_Tests.release.xcconfig */,
			);
			name = "Pods-ForecastIO_Tests";
			path = "Example/Pods/Target Support Files/Pods-ForecastIO_Tests";
			sourceTree = "<group>";
		};
		BC3CA7F9E30CC8F7E2DD044DD34432FC /* Frameworks */ = {
			isa = PBXGroup;
			children = (
				BF6342C8B29F4CEEA088EFF7AB4DE362 /* iOS */,
			);
			name = Frameworks;
			sourceTree = "<group>";
		};
		BF6342C8B29F4CEEA088EFF7AB4DE362 /* iOS */ = {
			isa = PBXGroup;
			children = (
				3E4E89230EF59BC255123B67864ACF77 /* Foundation.framework */,
			);
			name = iOS;
			sourceTree = "<group>";
		};
		F44AB3438062228EE882FD6244885BD5 /* Classes */ = {
			isa = PBXGroup;
			children = (
				D41964521C2A82A300386CC4 /* APIClient.swift */,
				D41964511C2A82A300386CC4 /* Alert.swift */,
				D41964531C2A82A300386CC4 /* DataBlock.swift */,
				D41964541C2A82A300386CC4 /* DataPoint.swift */,
				D41964551C2A82A300386CC4 /* Flag.swift */,
				D41964561C2A82A300386CC4 /* Forecast.swift */,
				D41964571C2A82A300386CC4 /* Icon.swift */,
				D41964581C2A82A300386CC4 /* Precipitation.swift */,
				4F830F5F1C3BEE140062D714 /* Units.swift */,
			);
			name = Classes;
			path = Pod/Classes;
			sourceTree = "<group>";
		};
/* End PBXGroup section */

/* Begin PBXHeadersBuildPhase section */
		0F7431D382FAADC4397E1334C3CED3C9 /* Headers */ = {
			isa = PBXHeadersBuildPhase;
			buildActionMask = 2147483647;
			files = (
				F180E99B2322C35A6EF2DAAEDDB5CD18 /* Pods-ForecastIO_Tests-umbrella.h in Headers */,
			);
			runOnlyForDeploymentPostprocessing = 0;
		};
		803D6E644D8D567071D1C104F86256B4 /* Headers */ = {
			isa = PBXHeadersBuildPhase;
			buildActionMask = 2147483647;
			files = (
				F6266B8AC4E9F24BAFB4897F797B6A4A /* ForecastIO-umbrella.h in Headers */,
			);
			runOnlyForDeploymentPostprocessing = 0;
		};
/* End PBXHeadersBuildPhase section */

/* Begin PBXNativeTarget section */
		2BB5C5BC693DD1FFC0BF742883815826 /* Pods-ForecastIO_Tests */ = {
			isa = PBXNativeTarget;
			buildConfigurationList = A4DBF400F5E5A0BFA5E627CAF76ED1C9 /* Build configuration list for PBXNativeTarget "Pods-ForecastIO_Tests" */;
			buildPhases = (
				840269E8C930AF5E18A6CE9BF85071F0 /* Sources */,
				419C364F659A84DA1832697090F09696 /* Frameworks */,
				0F7431D382FAADC4397E1334C3CED3C9 /* Headers */,
			);
			buildRules = (
			);
			dependencies = (
				E8C0E3CA7F0894D14A511186C1A8B406 /* PBXTargetDependency */,
			);
			name = "Pods-ForecastIO_Tests";
			productName = "Pods-ForecastIO_Tests";
			productReference = BA770BF681D7D1C70BBE88633BCF9413 /* Pods_ForecastIO_Tests.framework */;
			productType = "com.apple.product-type.framework";
		};
		39ED6CDC99672303F992B722C0ABD571 /* ForecastIO */ = {
			isa = PBXNativeTarget;
			buildConfigurationList = A32B4C69B09BE0AB58844B048FB52E83 /* Build configuration list for PBXNativeTarget "ForecastIO" */;
			buildPhases = (
				DA287403977D57EABDEA8EA6959AD5D1 /* Sources */,
				E4D8B7E7E5E923E5F131E208B6E0C02C /* Frameworks */,
				ACCA54BE018BD7A524B6302832EC974D /* Resources */,
				803D6E644D8D567071D1C104F86256B4 /* Headers */,
			);
			buildRules = (
			);
			dependencies = (
				DEF2943622B9E3511439A260A3FEDE30 /* PBXTargetDependency */,
			);
			name = ForecastIO;
			productName = ForecastIO;
			productReference = 52F3D67303609FDA6D12254CB10EDE7C /* ForecastIO.framework */;
			productType = "com.apple.product-type.framework";
		};
		AD9ADA4ADD7D6FEF95F26036F4254813 /* ForecastIO-ForecastIO */ = {
			isa = PBXNativeTarget;
			buildConfigurationList = 57627189FB916E0E01A99F63AA2622BB /* Build configuration list for PBXNativeTarget "ForecastIO-ForecastIO" */;
			buildPhases = (
				93AEF5D0CD706E9C3C02EF614325BBA9 /* Sources */,
				DD41C16732B0A9B446E946E0ABD2883F /* Frameworks */,
				8599EBD6058C09BF9129933C4D82A718 /* Resources */,
			);
			buildRules = (
			);
			dependencies = (
			);
			name = "ForecastIO-ForecastIO";
			productName = "ForecastIO-ForecastIO";
			productReference = 159C6F0EB225E10472F43DFE6FBE6E9F /* ForecastIO.bundle */;
			productType = "com.apple.product-type.bundle";
		};
/* End PBXNativeTarget section */

/* Begin PBXProject section */
		D41D8CD98F00B204E9800998ECF8427E /* Project object */ = {
			isa = PBXProject;
			attributes = {
				LastSwiftUpdateCheck = 0720;
				LastUpgradeCheck = 0720;
			};
			buildConfigurationList = 2D8E8EC45A3A1A1D94AE762CB5028504 /* Build configuration list for PBXProject "Pods" */;
			compatibilityVersion = "Xcode 3.2";
			developmentRegion = English;
			hasScannedForEncodings = 0;
			knownRegions = (
				en,
			);
			mainGroup = 7DB346D0F39D3F0E887471402A8071AB;
			productRefGroup = 8B40303E341216B1C5CF6E57ADE54857 /* Products */;
			projectDirPath = "";
			projectRoot = "";
			targets = (
				39ED6CDC99672303F992B722C0ABD571 /* ForecastIO */,
				AD9ADA4ADD7D6FEF95F26036F4254813 /* ForecastIO-ForecastIO */,
				2BB5C5BC693DD1FFC0BF742883815826 /* Pods-ForecastIO_Tests */,
			);
		};
/* End PBXProject section */

/* Begin PBXResourcesBuildPhase section */
		8599EBD6058C09BF9129933C4D82A718 /* Resources */ = {
			isa = PBXResourcesBuildPhase;
			buildActionMask = 2147483647;
			files = (
			);
			runOnlyForDeploymentPostprocessing = 0;
		};
		ACCA54BE018BD7A524B6302832EC974D /* Resources */ = {
			isa = PBXResourcesBuildPhase;
			buildActionMask = 2147483647;
			files = (
				B889F257B1097A3A7718A058EF01D403 /* ForecastIO.bundle in Resources */,
			);
			runOnlyForDeploymentPostprocessing = 0;
		};
/* End PBXResourcesBuildPhase section */

/* Begin PBXSourcesBuildPhase section */
		840269E8C930AF5E18A6CE9BF85071F0 /* Sources */ = {
			isa = PBXSourcesBuildPhase;
			buildActionMask = 2147483647;
			files = (
				0947BEFFB82BD84CB88FCD861368A67F /* Pods-ForecastIO_Tests-dummy.m in Sources */,
			);
			runOnlyForDeploymentPostprocessing = 0;
		};
		93AEF5D0CD706E9C3C02EF614325BBA9 /* Sources */ = {
			isa = PBXSourcesBuildPhase;
			buildActionMask = 2147483647;
			files = (
			);
			runOnlyForDeploymentPostprocessing = 0;
		};
		DA287403977D57EABDEA8EA6959AD5D1 /* Sources */ = {
			isa = PBXSourcesBuildPhase;
			buildActionMask = 2147483647;
			files = (
				D41964591C2A82A300386CC4 /* Alert.swift in Sources */,
				D41964601C2A82A300386CC4 /* Precipitation.swift in Sources */,
				D419645B1C2A82A300386CC4 /* DataBlock.swift in Sources */,
				D419645F1C2A82A300386CC4 /* Icon.swift in Sources */,
				D419645D1C2A82A300386CC4 /* Flag.swift in Sources */,
				D419645C1C2A82A300386CC4 /* DataPoint.swift in Sources */,
				D419645E1C2A82A300386CC4 /* Forecast.swift in Sources */,
				4F830F601C3BEE140062D714 /* Units.swift in Sources */,
				D419645A1C2A82A300386CC4 /* APIClient.swift in Sources */,
			);
			runOnlyForDeploymentPostprocessing = 0;
		};
/* End PBXSourcesBuildPhase section */

/* Begin PBXTargetDependency section */
		DEF2943622B9E3511439A260A3FEDE30 /* PBXTargetDependency */ = {
			isa = PBXTargetDependency;
			name = "ForecastIO-ForecastIO";
			target = AD9ADA4ADD7D6FEF95F26036F4254813 /* ForecastIO-ForecastIO */;
			targetProxy = B9B7D09B34B37979A7E83E2583E81EDB /* PBXContainerItemProxy */;
		};
		E8C0E3CA7F0894D14A511186C1A8B406 /* PBXTargetDependency */ = {
			isa = PBXTargetDependency;
			name = ForecastIO;
			target = 39ED6CDC99672303F992B722C0ABD571 /* ForecastIO */;
			targetProxy = FF6FA9E06AB8221C9E798AD92F6DDFCE /* PBXContainerItemProxy */;
		};
/* End PBXTargetDependency section */

/* Begin XCBuildConfiguration section */
		00201537DF847600E547B2A23DB2E397 /* Debug */ = {
			isa = XCBuildConfiguration;
			baseConfigurationReference = D41964281C2A7F9700386CC4 /* ForecastIO.xcconfig */;
			buildSettings = {
				ENABLE_STRICT_OBJC_MSGSEND = YES;
				PRODUCT_NAME = ForecastIO;
				SDKROOT = iphoneos;
				SKIP_INSTALL = YES;
				WRAPPER_EXTENSION = bundle;
			};
			name = Debug;
		};
		00D7EA52FE21C9939012A94A39080C6A /* Release */ = {
			isa = XCBuildConfiguration;
			baseConfigurationReference = D41964281C2A7F9700386CC4 /* ForecastIO.xcconfig */;
			buildSettings = {
				CLANG_ENABLE_MODULES = YES;
				"CODE_SIGN_IDENTITY[sdk=iphoneos*]" = "iPhone Developer";
				CURRENT_PROJECT_VERSION = 1;
				DEFINES_MODULE = YES;
				DYLIB_COMPATIBILITY_VERSION = 1;
				DYLIB_CURRENT_VERSION = 1;
				DYLIB_INSTALL_NAME_BASE = "@rpath";
				ENABLE_STRICT_OBJC_MSGSEND = YES;
				GCC_PREFIX_HEADER = "Example/Pods/Target Support Files/ForecastIO/ForecastIO-prefix.pch";
				INFOPLIST_FILE = "Example/Pods/Target Support Files/ForecastIO/Info.plist";
				INSTALL_PATH = "$(LOCAL_LIBRARY_DIR)/Frameworks";
				IPHONEOS_DEPLOYMENT_TARGET = 8.3;
				LD_RUNPATH_SEARCH_PATHS = "$(inherited) @executable_path/Frameworks @loader_path/Frameworks";
				MODULEMAP_FILE = "Example/Pods/Target Support Files/ForecastIO/ForecastIO.modulemap";
				MTL_ENABLE_DEBUG_INFO = NO;
				PRODUCT_BUNDLE_IDENTIFIER = "org.cocoapods.${PRODUCT_NAME:rfc1034identifier}";
				PRODUCT_NAME = ForecastIO;
				SDKROOT = iphoneos;
				SKIP_INSTALL = YES;
				TARGETED_DEVICE_FAMILY = "1,2";
				VERSIONING_SYSTEM = "apple-generic";
				VERSION_INFO_PREFIX = "";
			};
			name = Release;
		};
		10DE1947DAC0ED28F6C0A9F9BD75D546 /* Release */ = {
			isa = XCBuildConfiguration;
			buildSettings = {
				ALWAYS_SEARCH_USER_PATHS = NO;
				CLANG_CXX_LANGUAGE_STANDARD = "gnu++0x";
				CLANG_CXX_LIBRARY = "libc++";
				CLANG_ENABLE_MODULES = YES;
				CLANG_ENABLE_OBJC_ARC = YES;
				CLANG_WARN_BOOL_CONVERSION = YES;
				CLANG_WARN_CONSTANT_CONVERSION = YES;
				CLANG_WARN_DIRECT_OBJC_ISA_USAGE = YES;
				CLANG_WARN_EMPTY_BODY = YES;
				CLANG_WARN_ENUM_CONVERSION = YES;
				CLANG_WARN_INT_CONVERSION = YES;
				CLANG_WARN_OBJC_ROOT_CLASS = YES;
				CLANG_WARN_UNREACHABLE_CODE = YES;
				CLANG_WARN__DUPLICATE_METHOD_MATCH = YES;
				COPY_PHASE_STRIP = YES;
				ENABLE_NS_ASSERTIONS = NO;
				GCC_C_LANGUAGE_STANDARD = gnu99;
				GCC_PREPROCESSOR_DEFINITIONS = "RELEASE=1";
				GCC_WARN_64_TO_32_BIT_CONVERSION = YES;
				GCC_WARN_ABOUT_RETURN_TYPE = YES;
				GCC_WARN_UNDECLARED_SELECTOR = YES;
				GCC_WARN_UNINITIALIZED_AUTOS = YES;
				GCC_WARN_UNUSED_FUNCTION = YES;
				GCC_WARN_UNUSED_VARIABLE = YES;
				IPHONEOS_DEPLOYMENT_TARGET = 8.3;
				STRIP_INSTALLED_PRODUCT = NO;
				SYMROOT = "${SRCROOT}/../build";
				VALIDATE_PRODUCT = YES;
			};
			name = Release;
		};
		2A2767FDBC38C8A994A3F3791D4B7A52 /* Debug */ = {
			isa = XCBuildConfiguration;
			baseConfigurationReference = D41964281C2A7F9700386CC4 /* ForecastIO.xcconfig */;
			buildSettings = {
				CLANG_ENABLE_MODULES = YES;
				"CODE_SIGN_IDENTITY[sdk=iphoneos*]" = "iPhone Developer";
				CURRENT_PROJECT_VERSION = 1;
				DEFINES_MODULE = YES;
				DYLIB_COMPATIBILITY_VERSION = 1;
				DYLIB_CURRENT_VERSION = 1;
				DYLIB_INSTALL_NAME_BASE = "@rpath";
				ENABLE_STRICT_OBJC_MSGSEND = YES;
				GCC_PREFIX_HEADER = "Example/Pods/Target Support Files/ForecastIO/ForecastIO-prefix.pch";
				INFOPLIST_FILE = "Example/Pods/Target Support Files/ForecastIO/Info.plist";
				INSTALL_PATH = "$(LOCAL_LIBRARY_DIR)/Frameworks";
				IPHONEOS_DEPLOYMENT_TARGET = 8.3;
				LD_RUNPATH_SEARCH_PATHS = "$(inherited) @executable_path/Frameworks @loader_path/Frameworks";
				MODULEMAP_FILE = "Example/Pods/Target Support Files/ForecastIO/ForecastIO.modulemap";
				MTL_ENABLE_DEBUG_INFO = YES;
				PRODUCT_BUNDLE_IDENTIFIER = "org.cocoapods.${PRODUCT_NAME:rfc1034identifier}";
				PRODUCT_NAME = ForecastIO;
				SDKROOT = iphoneos;
				SKIP_INSTALL = YES;
				SWIFT_OPTIMIZATION_LEVEL = "-Onone";
				TARGETED_DEVICE_FAMILY = "1,2";
				VERSIONING_SYSTEM = "apple-generic";
				VERSION_INFO_PREFIX = "";
			};
			name = Debug;
		};
		552D02D5BA751AC2E8790D2811D496CA /* Debug */ = {
			isa = XCBuildConfiguration;
			buildSettings = {
				ALWAYS_SEARCH_USER_PATHS = NO;
				CLANG_CXX_LANGUAGE_STANDARD = "gnu++0x";
				CLANG_CXX_LIBRARY = "libc++";
				CLANG_ENABLE_MODULES = YES;
				CLANG_ENABLE_OBJC_ARC = YES;
				CLANG_WARN_BOOL_CONVERSION = YES;
				CLANG_WARN_CONSTANT_CONVERSION = YES;
				CLANG_WARN_DIRECT_OBJC_ISA_USAGE = YES;
				CLANG_WARN_EMPTY_BODY = YES;
				CLANG_WARN_ENUM_CONVERSION = YES;
				CLANG_WARN_INT_CONVERSION = YES;
				CLANG_WARN_OBJC_ROOT_CLASS = YES;
				CLANG_WARN_UNREACHABLE_CODE = YES;
				CLANG_WARN__DUPLICATE_METHOD_MATCH = YES;
				COPY_PHASE_STRIP = NO;
				ENABLE_TESTABILITY = YES;
				GCC_C_LANGUAGE_STANDARD = gnu99;
				GCC_DYNAMIC_NO_PIC = NO;
				GCC_OPTIMIZATION_LEVEL = 0;
				GCC_PREPROCESSOR_DEFINITIONS = (
					"DEBUG=1",
					"$(inherited)",
				);
				GCC_SYMBOLS_PRIVATE_EXTERN = NO;
				GCC_WARN_64_TO_32_BIT_CONVERSION = YES;
				GCC_WARN_ABOUT_RETURN_TYPE = YES;
				GCC_WARN_UNDECLARED_SELECTOR = YES;
				GCC_WARN_UNINITIALIZED_AUTOS = YES;
				GCC_WARN_UNUSED_FUNCTION = YES;
				GCC_WARN_UNUSED_VARIABLE = YES;
				IPHONEOS_DEPLOYMENT_TARGET = 8.3;
				ONLY_ACTIVE_ARCH = YES;
				STRIP_INSTALLED_PRODUCT = NO;
				SYMROOT = "${SRCROOT}/../build";
			};
			name = Debug;
		};
		835D980DE07F0585768DFFDE5E3C712D /* Release */ = {
			isa = XCBuildConfiguration;
			baseConfigurationReference = D41964281C2A7F9700386CC4 /* ForecastIO.xcconfig */;
			buildSettings = {
				ENABLE_STRICT_OBJC_MSGSEND = YES;
				PRODUCT_NAME = ForecastIO;
				SDKROOT = iphoneos;
				SKIP_INSTALL = YES;
				WRAPPER_EXTENSION = bundle;
			};
			name = Release;
		};
		9B36C29A3371EAD0782A981148E75D74 /* Debug */ = {
			isa = XCBuildConfiguration;
			baseConfigurationReference = 682C8162BA3FB5DECA9B092DF2DA1009 /* Pods-ForecastIO_Tests.debug.xcconfig */;
			buildSettings = {
				"CODE_SIGN_IDENTITY[sdk=iphoneos*]" = "iPhone Developer";
				CURRENT_PROJECT_VERSION = 1;
				DEFINES_MODULE = YES;
				DYLIB_COMPATIBILITY_VERSION = 1;
				DYLIB_CURRENT_VERSION = 1;
				DYLIB_INSTALL_NAME_BASE = "@rpath";
				ENABLE_STRICT_OBJC_MSGSEND = YES;
				INFOPLIST_FILE = "Example/Pods/Target Support Files/Pods-ForecastIO_Tests/Info.plist";
				INSTALL_PATH = "$(LOCAL_LIBRARY_DIR)/Frameworks";
				IPHONEOS_DEPLOYMENT_TARGET = 8.3;
				LD_RUNPATH_SEARCH_PATHS = "$(inherited) @executable_path/Frameworks @loader_path/Frameworks";
				MACH_O_TYPE = staticlib;
				MODULEMAP_FILE = "Example/Pods/Target Support Files/Pods-ForecastIO_Tests/Pods-ForecastIO_Tests.modulemap";
				MTL_ENABLE_DEBUG_INFO = YES;
				OTHER_LDFLAGS = "";
				OTHER_LIBTOOLFLAGS = "";
				PODS_ROOT = "$(SRCROOT)";
				PRODUCT_BUNDLE_IDENTIFIER = "org.cocoapods.${PRODUCT_NAME:rfc1034identifier}";
				PRODUCT_NAME = Pods_ForecastIO_Tests;
				SDKROOT = iphoneos;
				SKIP_INSTALL = YES;
				SWIFT_OPTIMIZATION_LEVEL = "-Onone";
				TARGETED_DEVICE_FAMILY = "1,2";
				VERSIONING_SYSTEM = "apple-generic";
				VERSION_INFO_PREFIX = "";
			};
			name = Debug;
		};
		DB7104B3C8C802B539ABFA2CB24188D6 /* Release */ = {
			isa = XCBuildConfiguration;
			baseConfigurationReference = F6F12F3D7E2A1E1CEBCFBA32D50B413A /* Pods-ForecastIO_Tests.release.xcconfig */;
			buildSettings = {
				"CODE_SIGN_IDENTITY[sdk=iphoneos*]" = "iPhone Developer";
				CURRENT_PROJECT_VERSION = 1;
				DEFINES_MODULE = YES;
				DYLIB_COMPATIBILITY_VERSION = 1;
				DYLIB_CURRENT_VERSION = 1;
				DYLIB_INSTALL_NAME_BASE = "@rpath";
				ENABLE_STRICT_OBJC_MSGSEND = YES;
				INFOPLIST_FILE = "Example/Pods/Target Support Files/Pods-ForecastIO_Tests/Info.plist";
				INSTALL_PATH = "$(LOCAL_LIBRARY_DIR)/Frameworks";
				IPHONEOS_DEPLOYMENT_TARGET = 8.3;
				LD_RUNPATH_SEARCH_PATHS = "$(inherited) @executable_path/Frameworks @loader_path/Frameworks";
				MACH_O_TYPE = staticlib;
				MODULEMAP_FILE = "Example/Pods/Target Support Files/Pods-ForecastIO_Tests/Pods-ForecastIO_Tests.modulemap";
				MTL_ENABLE_DEBUG_INFO = NO;
				OTHER_LDFLAGS = "";
				OTHER_LIBTOOLFLAGS = "";
				PODS_ROOT = "$(SRCROOT)";
				PRODUCT_BUNDLE_IDENTIFIER = "org.cocoapods.${PRODUCT_NAME:rfc1034identifier}";
				PRODUCT_NAME = Pods_ForecastIO_Tests;
				SDKROOT = iphoneos;
				SKIP_INSTALL = YES;
				TARGETED_DEVICE_FAMILY = "1,2";
				VERSIONING_SYSTEM = "apple-generic";
				VERSION_INFO_PREFIX = "";
			};
			name = Release;
		};
/* End XCBuildConfiguration section */

/* Begin XCConfigurationList section */
		2D8E8EC45A3A1A1D94AE762CB5028504 /* Build configuration list for PBXProject "Pods" */ = {
			isa = XCConfigurationList;
			buildConfigurations = (
				552D02D5BA751AC2E8790D2811D496CA /* Debug */,
				10DE1947DAC0ED28F6C0A9F9BD75D546 /* Release */,
			);
			defaultConfigurationIsVisible = 0;
			defaultConfigurationName = Release;
		};
		57627189FB916E0E01A99F63AA2622BB /* Build configuration list for PBXNativeTarget "ForecastIO-ForecastIO" */ = {
			isa = XCConfigurationList;
			buildConfigurations = (
				00201537DF847600E547B2A23DB2E397 /* Debug */,
				835D980DE07F0585768DFFDE5E3C712D /* Release */,
			);
			defaultConfigurationIsVisible = 0;
			defaultConfigurationName = Release;
		};
		A32B4C69B09BE0AB58844B048FB52E83 /* Build configuration list for PBXNativeTarget "ForecastIO" */ = {
			isa = XCConfigurationList;
			buildConfigurations = (
				2A2767FDBC38C8A994A3F3791D4B7A52 /* Debug */,
				00D7EA52FE21C9939012A94A39080C6A /* Release */,
			);
			defaultConfigurationIsVisible = 0;
			defaultConfigurationName = Release;
		};
		A4DBF400F5E5A0BFA5E627CAF76ED1C9 /* Build configuration list for PBXNativeTarget "Pods-ForecastIO_Tests" */ = {
			isa = XCConfigurationList;
			buildConfigurations = (
				9B36C29A3371EAD0782A981148E75D74 /* Debug */,
				DB7104B3C8C802B539ABFA2CB24188D6 /* Release */,
			);
			defaultConfigurationIsVisible = 0;
			defaultConfigurationName = Release;
		};
/* End XCConfigurationList section */
	};
	rootObject = D41D8CD98F00B204E9800998ECF8427E /* Project object */;
}
