// !$*UTF8*$!
{
	archiveVersion = 1;
	classes = {
	};
	objectVersion = 46;
	objects = {

/* Begin PBXBuildFile section */
		D4B85D811C53324600BD2FCD /* AppDelegate.swift in Sources */ = {isa = PBXBuildFile; fileRef = D4B85D801C53324600BD2FCD /* AppDelegate.swift */; };
		D4B85D831C53324600BD2FCD /* ViewController.swift in Sources */ = {isa = PBXBuildFile; fileRef = D4B85D821C53324600BD2FCD /* ViewController.swift */; };
		D4B85D861C53324600BD2FCD /* Main.storyboard in Resources */ = {isa = PBXBuildFile; fileRef = D4B85D841C53324600BD2FCD /* Main.storyboard */; };
		D4B85D881C53324600BD2FCD /* Assets.xcassets in Resources */ = {isa = PBXBuildFile; fileRef = D4B85D871C53324600BD2FCD /* Assets.xcassets */; };
		D4B85D8B1C53324600BD2FCD /* LaunchScreen.storyboard in Resources */ = {isa = PBXBuildFile; fileRef = D4B85D891C53324600BD2FCD /* LaunchScreen.storyboard */; };
/* End PBXBuildFile section */

/* Begin PBXContainerItemProxy section */
		4AFFE7781CD9617400464121 /* PBXContainerItemProxy */ = {
			isa = PBXContainerItemProxy;
			containerPortal = 4AFFE76E1CD9617400464121 /* ForecastIO.xcodeproj */;
			proxyType = 2;
			remoteGlobalIDString = 52F3D67303609FDA6D12254CB10EDE7C;
			remoteInfo = "ForecastIO iOS";
		};
		4AFFE77A1CD9617400464121 /* PBXContainerItemProxy */ = {
			isa = PBXContainerItemProxy;
			containerPortal = 4AFFE76E1CD9617400464121 /* ForecastIO.xcodeproj */;
			proxyType = 2;
			remoteGlobalIDString = D4DE2AAF1C513C040063A7CA;
			remoteInfo = "ForecastIO iOS Tests";
		};
		4AFFE77C1CD9617400464121 /* PBXContainerItemProxy */ = {
			isa = PBXContainerItemProxy;
			containerPortal = 4AFFE76E1CD9617400464121 /* ForecastIO.xcodeproj */;
			proxyType = 2;
			remoteGlobalIDString = D4A480931C507D730053EB05;
			remoteInfo = "ForecastIO tvOS";
		};
		4AFFE77E1CD9617400464121 /* PBXContainerItemProxy */ = {
			isa = PBXContainerItemProxy;
			containerPortal = 4AFFE76E1CD9617400464121 /* ForecastIO.xcodeproj */;
			proxyType = 2;
			remoteGlobalIDString = D4DE2AD41C513EA00063A7CA;
			remoteInfo = "ForecastIO tvOS Tests";
		};
		4AFFE7801CD9617400464121 /* PBXContainerItemProxy */ = {
			isa = PBXContainerItemProxy;
			containerPortal = 4AFFE76E1CD9617400464121 /* ForecastIO.xcodeproj */;
			proxyType = 2;
			remoteGlobalIDString = D4446E701C51538000FBC8A8;
			remoteInfo = "ForecastIO OS X";
		};
		4AFFE7821CD9617400464121 /* PBXContainerItemProxy */ = {
			isa = PBXContainerItemProxy;
			containerPortal = 4AFFE76E1CD9617400464121 /* ForecastIO.xcodeproj */;
			proxyType = 2;
			remoteGlobalIDString = D4446E791C51538000FBC8A8;
			remoteInfo = "ForecastIO OS X Tests";
		};
		4AFFE7841CD9617400464121 /* PBXContainerItemProxy */ = {
			isa = PBXContainerItemProxy;
			containerPortal = 4AFFE76E1CD9617400464121 /* ForecastIO.xcodeproj */;
			proxyType = 2;
			remoteGlobalIDString = D4A4807A1C507CE70053EB05;
			remoteInfo = "ForecastIO watchOS";
		};
		4AFFE7861CD961DC00464121 /* PBXContainerItemProxy */ = {
			isa = PBXContainerItemProxy;
			containerPortal = 4AFFE76E1CD9617400464121 /* ForecastIO.xcodeproj */;
			proxyType = 1;
			remoteGlobalIDString = 39ED6CDC99672303F992B722C0ABD571;
			remoteInfo = "ForecastIO iOS";
		};
		4AFFE7881CD961DC00464121 /* PBXContainerItemProxy */ = {
			isa = PBXContainerItemProxy;
			containerPortal = 4AFFE76E1CD9617400464121 /* ForecastIO.xcodeproj */;
			proxyType = 1;
			remoteGlobalIDString = D4A4807D1C507D730053EB05;
			remoteInfo = "ForecastIO tvOS";
		};
		4AFFE78A1CD961DC00464121 /* PBXContainerItemProxy */ = {
			isa = PBXContainerItemProxy;
			containerPortal = 4AFFE76E1CD9617400464121 /* ForecastIO.xcodeproj */;
			proxyType = 1;
			remoteGlobalIDString = D4446E6F1C51538000FBC8A8;
			remoteInfo = "ForecastIO OS X";
		};
		4AFFE78C1CD961DC00464121 /* PBXContainerItemProxy */ = {
			isa = PBXContainerItemProxy;
			containerPortal = 4AFFE76E1CD9617400464121 /* ForecastIO.xcodeproj */;
			proxyType = 1;
			remoteGlobalIDString = D4A480641C507CE70053EB05;
			remoteInfo = "ForecastIO watchOS";
		};
/* End PBXContainerItemProxy section */

/* Begin PBXFileReference section */
		4AFFE76E1CD9617400464121 /* ForecastIO.xcodeproj */ = {isa = PBXFileReference; lastKnownFileType = "wrapper.pb-project"; name = ForecastIO.xcodeproj; path = ../ForecastIO.xcodeproj; sourceTree = "<group>"; };
		D4B85D7E1C53324600BD2FCD /* iOS Example.app */ = {isa = PBXFileReference; explicitFileType = wrapper.application; includeInIndex = 0; path = "iOS Example.app"; sourceTree = BUILT_PRODUCTS_DIR; };
		D4B85D801C53324600BD2FCD /* AppDelegate.swift */ = {isa = PBXFileReference; lastKnownFileType = sourcecode.swift; path = AppDelegate.swift; sourceTree = "<group>"; };
		D4B85D821C53324600BD2FCD /* ViewController.swift */ = {isa = PBXFileReference; lastKnownFileType = sourcecode.swift; path = ViewController.swift; sourceTree = "<group>"; };
		D4B85D851C53324600BD2FCD /* Base */ = {isa = PBXFileReference; lastKnownFileType = file.storyboard; name = Base; path = Base.lproj/Main.storyboard; sourceTree = "<group>"; };
		D4B85D871C53324600BD2FCD /* Assets.xcassets */ = {isa = PBXFileReference; lastKnownFileType = folder.assetcatalog; path = Assets.xcassets; sourceTree = "<group>"; };
		D4B85D8A1C53324600BD2FCD /* Base */ = {isa = PBXFileReference; lastKnownFileType = file.storyboard; name = Base; path = Base.lproj/LaunchScreen.storyboard; sourceTree = "<group>"; };
		D4B85D8C1C53324600BD2FCD /* Info.plist */ = {isa = PBXFileReference; lastKnownFileType = text.plist.xml; path = Info.plist; sourceTree = "<group>"; };
/* End PBXFileReference section */

/* Begin PBXFrameworksBuildPhase section */
		D4B85D7B1C53324600BD2FCD /* Frameworks */ = {
			isa = PBXFrameworksBuildPhase;
			buildActionMask = 2147483647;
			files = (
			);
			runOnlyForDeploymentPostprocessing = 0;
		};
/* End PBXFrameworksBuildPhase section */

/* Begin PBXGroup section */
		4AFFE76F1CD9617400464121 /* Products */ = {
			isa = PBXGroup;
			children = (
				4AFFE7791CD9617400464121 /* ForecastIO.framework */,
				4AFFE77B1CD9617400464121 /* ForecastIO iOS Tests.xctest */,
				4AFFE77D1CD9617400464121 /* ForecastIO.framework */,
				4AFFE77F1CD9617400464121 /* ForecastIO tvOS Tests.xctest */,
				4AFFE7811CD9617400464121 /* ForecastIO.framework */,
				4AFFE7831CD9617400464121 /* ForecastIO macOS Tests.xctest */,
				4AFFE7851CD9617400464121 /* ForecastIO.framework */,
			);
			name = Products;
			sourceTree = "<group>";
		};
		607FACC71AFB9204008FA782 = {
			isa = PBXGroup;
			children = (
				D4B85D7F1C53324600BD2FCD /* iOS Example */,
				607FACD11AFB9204008FA782 /* Products */,
				4AFFE76E1CD9617400464121 /* ForecastIO.xcodeproj */,
			);
			sourceTree = "<group>";
		};
		607FACD11AFB9204008FA782 /* Products */ = {
			isa = PBXGroup;
			children = (
				D4B85D7E1C53324600BD2FCD /* iOS Example.app */,
			);
			name = Products;
			sourceTree = "<group>";
		};
		D4B85D7F1C53324600BD2FCD /* iOS Example */ = {
			isa = PBXGroup;
			children = (
				D4B85D801C53324600BD2FCD /* AppDelegate.swift */,
				D4B85D821C53324600BD2FCD /* ViewController.swift */,
				D4B85D841C53324600BD2FCD /* Main.storyboard */,
				D4B85D871C53324600BD2FCD /* Assets.xcassets */,
				D4B85D891C53324600BD2FCD /* LaunchScreen.storyboard */,
				D4B85D8C1C53324600BD2FCD /* Info.plist */,
			);
			path = "iOS Example";
			sourceTree = "<group>";
		};
/* End PBXGroup section */

/* Begin PBXNativeTarget section */
		D4B85D7D1C53324600BD2FCD /* iOS Example */ = {
			isa = PBXNativeTarget;
			buildConfigurationList = D4B85DA31C53324600BD2FCD /* Build configuration list for PBXNativeTarget "iOS Example" */;
			buildPhases = (
				D4B85D7A1C53324600BD2FCD /* Sources */,
				D4B85D7B1C53324600BD2FCD /* Frameworks */,
				D4B85D7C1C53324600BD2FCD /* Resources */,
			);
			buildRules = (
			);
			dependencies = (
				4AFFE7871CD961DC00464121 /* PBXTargetDependency */,
				4AFFE7891CD961DC00464121 /* PBXTargetDependency */,
				4AFFE78B1CD961DC00464121 /* PBXTargetDependency */,
				4AFFE78D1CD961DC00464121 /* PBXTargetDependency */,
			);
			name = "iOS Example";
			productName = "iOS Example";
			productReference = D4B85D7E1C53324600BD2FCD /* iOS Example.app */;
			productType = "com.apple.product-type.application";
		};
/* End PBXNativeTarget section */

/* Begin PBXProject section */
		607FACC81AFB9204008FA782 /* Project object */ = {
			isa = PBXProject;
			attributes = {
				LastSwiftUpdateCheck = 0720;
				LastUpgradeCheck = 1020;
				ORGANIZATIONNAME = CocoaPods;
				TargetAttributes = {
					D4B85D7D1C53324600BD2FCD = {
						CreatedOnToolsVersion = 7.2;
						DevelopmentTeam = 76333YNXLE;
						LastSwiftMigration = 1020;
						ProvisioningStyle = Automatic;
					};
				};
			};
			buildConfigurationList = 607FACCB1AFB9204008FA782 /* Build configuration list for PBXProject "iOS Example" */;
			compatibilityVersion = "Xcode 3.2";
			developmentRegion = English;
			hasScannedForEncodings = 0;
			knownRegions = (
				English,
				en,
				Base,
			);
			mainGroup = 607FACC71AFB9204008FA782;
			productRefGroup = 607FACD11AFB9204008FA782 /* Products */;
			projectDirPath = "";
			projectReferences = (
				{
					ProductGroup = 4AFFE76F1CD9617400464121 /* Products */;
					ProjectRef = 4AFFE76E1CD9617400464121 /* ForecastIO.xcodeproj */;
				},
			);
			projectRoot = "";
			targets = (
				D4B85D7D1C53324600BD2FCD /* iOS Example */,
			);
		};
/* End PBXProject section */

/* Begin PBXReferenceProxy section */
		4AFFE7791CD9617400464121 /* ForecastIO.framework */ = {
			isa = PBXReferenceProxy;
			fileType = wrapper.framework;
			path = ForecastIO.framework;
			remoteRef = 4AFFE7781CD9617400464121 /* PBXContainerItemProxy */;
			sourceTree = BUILT_PRODUCTS_DIR;
		};
		4AFFE77B1CD9617400464121 /* ForecastIO iOS Tests.xctest */ = {
			isa = PBXReferenceProxy;
			fileType = wrapper.cfbundle;
			path = "ForecastIO iOS Tests.xctest";
			remoteRef = 4AFFE77A1CD9617400464121 /* PBXContainerItemProxy */;
			sourceTree = BUILT_PRODUCTS_DIR;
		};
		4AFFE77D1CD9617400464121 /* ForecastIO.framework */ = {
			isa = PBXReferenceProxy;
			fileType = wrapper.framework;
			path = ForecastIO.framework;
			remoteRef = 4AFFE77C1CD9617400464121 /* PBXContainerItemProxy */;
			sourceTree = BUILT_PRODUCTS_DIR;
		};
		4AFFE77F1CD9617400464121 /* ForecastIO tvOS Tests.xctest */ = {
			isa = PBXReferenceProxy;
			fileType = wrapper.cfbundle;
			path = "ForecastIO tvOS Tests.xctest";
			remoteRef = 4AFFE77E1CD9617400464121 /* PBXContainerItemProxy */;
			sourceTree = BUILT_PRODUCTS_DIR;
		};
		4AFFE7811CD9617400464121 /* ForecastIO.framework */ = {
			isa = PBXReferenceProxy;
			fileType = wrapper.framework;
			path = ForecastIO.framework;
			remoteRef = 4AFFE7801CD9617400464121 /* PBXContainerItemProxy */;
			sourceTree = BUILT_PRODUCTS_DIR;
		};
		4AFFE7831CD9617400464121 /* ForecastIO macOS Tests.xctest */ = {
			isa = PBXReferenceProxy;
			fileType = wrapper.cfbundle;
			path = "ForecastIO macOS Tests.xctest";
			remoteRef = 4AFFE7821CD9617400464121 /* PBXContainerItemProxy */;
			sourceTree = BUILT_PRODUCTS_DIR;
		};
		4AFFE7851CD9617400464121 /* ForecastIO.framework */ = {
			isa = PBXReferenceProxy;
			fileType = wrapper.framework;
			path = ForecastIO.framework;
			remoteRef = 4AFFE7841CD9617400464121 /* PBXContainerItemProxy */;
			sourceTree = BUILT_PRODUCTS_DIR;
		};
/* End PBXReferenceProxy section */

/* Begin PBXResourcesBuildPhase section */
		D4B85D7C1C53324600BD2FCD /* Resources */ = {
			isa = PBXResourcesBuildPhase;
			buildActionMask = 2147483647;
			files = (
				D4B85D8B1C53324600BD2FCD /* LaunchScreen.storyboard in Resources */,
				D4B85D881C53324600BD2FCD /* Assets.xcassets in Resources */,
				D4B85D861C53324600BD2FCD /* Main.storyboard in Resources */,
			);
			runOnlyForDeploymentPostprocessing = 0;
		};
/* End PBXResourcesBuildPhase section */

/* Begin PBXSourcesBuildPhase section */
		D4B85D7A1C53324600BD2FCD /* Sources */ = {
			isa = PBXSourcesBuildPhase;
			buildActionMask = 2147483647;
			files = (
				D4B85D831C53324600BD2FCD /* ViewController.swift in Sources */,
				D4B85D811C53324600BD2FCD /* AppDelegate.swift in Sources */,
			);
			runOnlyForDeploymentPostprocessing = 0;
		};
/* End PBXSourcesBuildPhase section */

/* Begin PBXTargetDependency section */
		4AFFE7871CD961DC00464121 /* PBXTargetDependency */ = {
			isa = PBXTargetDependency;
			name = "ForecastIO iOS";
			targetProxy = 4AFFE7861CD961DC00464121 /* PBXContainerItemProxy */;
		};
		4AFFE7891CD961DC00464121 /* PBXTargetDependency */ = {
			isa = PBXTargetDependency;
			name = "ForecastIO tvOS";
			targetProxy = 4AFFE7881CD961DC00464121 /* PBXContainerItemProxy */;
		};
		4AFFE78B1CD961DC00464121 /* PBXTargetDependency */ = {
			isa = PBXTargetDependency;
			name = "ForecastIO OS X";
			targetProxy = 4AFFE78A1CD961DC00464121 /* PBXContainerItemProxy */;
		};
		4AFFE78D1CD961DC00464121 /* PBXTargetDependency */ = {
			isa = PBXTargetDependency;
			name = "ForecastIO watchOS";
			targetProxy = 4AFFE78C1CD961DC00464121 /* PBXContainerItemProxy */;
		};
/* End PBXTargetDependency section */

/* Begin PBXVariantGroup section */
		D4B85D841C53324600BD2FCD /* Main.storyboard */ = {
			isa = PBXVariantGroup;
			children = (
				D4B85D851C53324600BD2FCD /* Base */,
			);
			name = Main.storyboard;
			sourceTree = "<group>";
		};
		D4B85D891C53324600BD2FCD /* LaunchScreen.storyboard */ = {
			isa = PBXVariantGroup;
			children = (
				D4B85D8A1C53324600BD2FCD /* Base */,
			);
			name = LaunchScreen.storyboard;
			sourceTree = "<group>";
		};
/* End PBXVariantGroup section */

/* Begin XCBuildConfiguration section */
		607FACED1AFB9204008FA782 /* Debug */ = {
			isa = XCBuildConfiguration;
			buildSettings = {
				ALWAYS_SEARCH_USER_PATHS = NO;
				CLANG_ANALYZER_LOCALIZABILITY_NONLOCALIZED = YES;
				CLANG_CXX_LANGUAGE_STANDARD = "gnu++0x";
				CLANG_CXX_LIBRARY = "libc++";
				CLANG_ENABLE_MODULES = YES;
				CLANG_ENABLE_OBJC_ARC = YES;
				CLANG_WARN_BLOCK_CAPTURE_AUTORELEASING = YES;
				CLANG_WARN_BOOL_CONVERSION = YES;
				CLANG_WARN_COMMA = YES;
				CLANG_WARN_CONSTANT_CONVERSION = YES;
				CLANG_WARN_DEPRECATED_OBJC_IMPLEMENTATIONS = YES;
				CLANG_WARN_DIRECT_OBJC_ISA_USAGE = YES_ERROR;
				CLANG_WARN_EMPTY_BODY = YES;
				CLANG_WARN_ENUM_CONVERSION = YES;
				CLANG_WARN_INFINITE_RECURSION = YES;
				CLANG_WARN_INT_CONVERSION = YES;
				CLANG_WARN_NON_LITERAL_NULL_CONVERSION = YES;
				CLANG_WARN_OBJC_IMPLICIT_RETAIN_SELF = YES;
				CLANG_WARN_OBJC_LITERAL_CONVERSION = YES;
				CLANG_WARN_OBJC_ROOT_CLASS = YES_ERROR;
				CLANG_WARN_RANGE_LOOP_ANALYSIS = YES;
				CLANG_WARN_STRICT_PROTOTYPES = YES;
				CLANG_WARN_SUSPICIOUS_MOVE = YES;
				CLANG_WARN_UNREACHABLE_CODE = YES;
				CLANG_WARN__DUPLICATE_METHOD_MATCH = YES;
				"CODE_SIGN_IDENTITY[sdk=iphoneos*]" = "iPhone Developer";
				COPY_PHASE_STRIP = NO;
				DEBUG_INFORMATION_FORMAT = "dwarf-with-dsym";
				DEVELOPMENT_TEAM = 76333YNXLE;
				ENABLE_STRICT_OBJC_MSGSEND = YES;
				ENABLE_TESTABILITY = YES;
				GCC_C_LANGUAGE_STANDARD = gnu99;
				GCC_DYNAMIC_NO_PIC = NO;
				GCC_NO_COMMON_BLOCKS = YES;
				GCC_OPTIMIZATION_LEVEL = 0;
				GCC_PREPROCESSOR_DEFINITIONS = (
					"DEBUG=1",
					"$(inherited)",
				);
				GCC_SYMBOLS_PRIVATE_EXTERN = NO;
				GCC_WARN_64_TO_32_BIT_CONVERSION = YES;
				GCC_WARN_ABOUT_RETURN_TYPE = YES_ERROR;
				GCC_WARN_UNDECLARED_SELECTOR = YES;
				GCC_WARN_UNINITIALIZED_AUTOS = YES_AGGRESSIVE;
				GCC_WARN_UNUSED_FUNCTION = YES;
				GCC_WARN_UNUSED_VARIABLE = YES;
				IPHONEOS_DEPLOYMENT_TARGET = 8.0;
				MTL_ENABLE_DEBUG_INFO = YES;
				ONLY_ACTIVE_ARCH = YES;
				SDKROOT = iphoneos;
				SWIFT_OPTIMIZATION_LEVEL = "-Onone";
				SWIFT_VERSION = 4.2;
			};
			name = Debug;
		};
		607FACEE1AFB9204008FA782 /* Release */ = {
			isa = XCBuildConfiguration;
			buildSettings = {
				ALWAYS_SEARCH_USER_PATHS = NO;
				CLANG_ANALYZER_LOCALIZABILITY_NONLOCALIZED = YES;
				CLANG_CXX_LANGUAGE_STANDARD = "gnu++0x";
				CLANG_CXX_LIBRARY = "libc++";
				CLANG_ENABLE_MODULES = YES;
				CLANG_ENABLE_OBJC_ARC = YES;
				CLANG_WARN_BLOCK_CAPTURE_AUTORELEASING = YES;
				CLANG_WARN_BOOL_CONVERSION = YES;
				CLANG_WARN_COMMA = YES;
				CLANG_WARN_CONSTANT_CONVERSION = YES;
				CLANG_WARN_DEPRECATED_OBJC_IMPLEMENTATIONS = YES;
				CLANG_WARN_DIRECT_OBJC_ISA_USAGE = YES_ERROR;
				CLANG_WARN_EMPTY_BODY = YES;
				CLANG_WARN_ENUM_CONVERSION = YES;
				CLANG_WARN_INFINITE_RECURSION = YES;
				CLANG_WARN_INT_CONVERSION = YES;
				CLANG_WARN_NON_LITERAL_NULL_CONVERSION = YES;
				CLANG_WARN_OBJC_IMPLICIT_RETAIN_SELF = YES;
				CLANG_WARN_OBJC_LITERAL_CONVERSION = YES;
				CLANG_WARN_OBJC_ROOT_CLASS = YES_ERROR;
				CLANG_WARN_RANGE_LOOP_ANALYSIS = YES;
				CLANG_WARN_STRICT_PROTOTYPES = YES;
				CLANG_WARN_SUSPICIOUS_MOVE = YES;
				CLANG_WARN_UNREACHABLE_CODE = YES;
				CLANG_WARN__DUPLICATE_METHOD_MATCH = YES;
				"CODE_SIGN_IDENTITY[sdk=iphoneos*]" = "iPhone Developer";
				COPY_PHASE_STRIP = NO;
				DEBUG_INFORMATION_FORMAT = "dwarf-with-dsym";
				DEVELOPMENT_TEAM = 76333YNXLE;
				ENABLE_NS_ASSERTIONS = NO;
				ENABLE_STRICT_OBJC_MSGSEND = YES;
				GCC_C_LANGUAGE_STANDARD = gnu99;
				GCC_NO_COMMON_BLOCKS = YES;
				GCC_WARN_64_TO_32_BIT_CONVERSION = YES;
				GCC_WARN_ABOUT_RETURN_TYPE = YES_ERROR;
				GCC_WARN_UNDECLARED_SELECTOR = YES;
				GCC_WARN_UNINITIALIZED_AUTOS = YES_AGGRESSIVE;
				GCC_WARN_UNUSED_FUNCTION = YES;
				GCC_WARN_UNUSED_VARIABLE = YES;
				IPHONEOS_DEPLOYMENT_TARGET = 8.0;
				MTL_ENABLE_DEBUG_INFO = NO;
				SDKROOT = iphoneos;
				SWIFT_VERSION = 4.2;
				VALIDATE_PRODUCT = YES;
			};
			name = Release;
		};
		D4B85DA41C53324600BD2FCD /* Debug */ = {
			isa = XCBuildConfiguration;
			buildSettings = {
				ASSETCATALOG_COMPILER_APPICON_NAME = AppIcon;
				CODE_SIGN_IDENTITY = "iPhone Developer";
				"CODE_SIGN_IDENTITY[sdk=iphoneos*]" = "iPhone Developer";
				DEBUG_INFORMATION_FORMAT = dwarf;
				DEVELOPMENT_TEAM = 76333YNXLE;
				INFOPLIST_FILE = "iOS Example/Info.plist";
				IPHONEOS_DEPLOYMENT_TARGET = 9.0;
				LD_RUNPATH_SEARCH_PATHS = "$(inherited) @executable_path/Frameworks";
				PRODUCT_BUNDLE_IDENTIFIER = io.Satyam.iOSExample;
				PRODUCT_NAME = "$(TARGET_NAME)";
				SWIFT_VERSION = 4.2;
				TARGETED_DEVICE_FAMILY = "1,2";
			};
			name = Debug;
		};
		D4B85DA51C53324600BD2FCD /* Release */ = {
			isa = XCBuildConfiguration;
			buildSettings = {
				ASSETCATALOG_COMPILER_APPICON_NAME = AppIcon;
				CODE_SIGN_IDENTITY = "iPhone Developer";
				"CODE_SIGN_IDENTITY[sdk=iphoneos*]" = "iPhone Developer";
				DEVELOPMENT_TEAM = 76333YNXLE;
				INFOPLIST_FILE = "iOS Example/Info.plist";
				IPHONEOS_DEPLOYMENT_TARGET = 9.0;
				LD_RUNPATH_SEARCH_PATHS = "$(inherited) @executable_path/Frameworks";
				PRODUCT_BUNDLE_IDENTIFIER = io.Satyam.iOSExample;
				PRODUCT_NAME = "$(TARGET_NAME)";
				SWIFT_OPTIMIZATION_LEVEL = "-Owholemodule";
				SWIFT_VERSION = 4.2;
				TARGETED_DEVICE_FAMILY = "1,2";
			};
			name = Release;
		};
/* End XCBuildConfiguration section */

/* Begin XCConfigurationList section */
		607FACCB1AFB9204008FA782 /* Build configuration list for PBXProject "iOS Example" */ = {
			isa = XCConfigurationList;
			buildConfigurations = (
				607FACED1AFB9204008FA782 /* Debug */,
				607FACEE1AFB9204008FA782 /* Release */,
			);
			defaultConfigurationIsVisible = 0;
			defaultConfigurationName = Release;
		};
		D4B85DA31C53324600BD2FCD /* Build configuration list for PBXNativeTarget "iOS Example" */ = {
			isa = XCConfigurationList;
			buildConfigurations = (
				D4B85DA41C53324600BD2FCD /* Debug */,
				D4B85DA51C53324600BD2FCD /* Release */,
			);
			defaultConfigurationIsVisible = 0;
			defaultConfigurationName = Release;
		};
/* End XCConfigurationList section */
	};
	rootObject = 607FACC81AFB9204008FA782 /* Project object */;
}
