// !$*UTF8*$!
{
	archiveVersion = 1;
	classes = {
	};
	objectVersion = 46;
	objects = {

/* Begin PBXBuildFile section */
		2B5C2670CE91A99832E2AF62 /* Pods_ForecastIO_tvOS_Tests.framework in Frameworks */ = {isa = PBXBuildFile; fileRef = 12EB4AA3A72DB396C38E25DB /* Pods_ForecastIO_tvOS_Tests.framework */; };
		4A10DB621D45103700E304C5 /* AlertTests.swift in Sources */ = {isa = PBXBuildFile; fileRef = D4D9F2C31C543ED900A4A02F /* AlertTests.swift */; };
		4A10DB631D45103700E304C5 /* APIClientTests.swift in Sources */ = {isa = PBXBuildFile; fileRef = D4D9F2D71C54462A00A4A02F /* APIClientTests.swift */; };
		4A10DB641D45103700E304C5 /* DataBlockTests.swift in Sources */ = {isa = PBXBuildFile; fileRef = D4D9F2CF1C5442C400A4A02F /* DataBlockTests.swift */; };
		4A10DB651D45103700E304C5 /* DataPointTests.swift in Sources */ = {isa = PBXBuildFile; fileRef = D4D9F2CB1C54410300A4A02F /* DataPointTests.swift */; };
		4A10DB661D45103700E304C5 /* FlagTests.swift in Sources */ = {isa = PBXBuildFile; fileRef = D4D9F2C71C54400700A4A02F /* FlagTests.swift */; };
		4A10DB671D45103700E304C5 /* ForecastTests.swift in Sources */ = {isa = PBXBuildFile; fileRef = D4D9F2B81C5434B800A4A02F /* ForecastTests.swift */; };
		4A10DB691D45103700E304C5 /* UnitsTest.swift in Sources */ = {isa = PBXBuildFile; fileRef = D4D9F2D31C54454100A4A02F /* UnitsTest.swift */; };
		4A10DB6A1D45103800E304C5 /* AlertTests.swift in Sources */ = {isa = PBXBuildFile; fileRef = D4D9F2C31C543ED900A4A02F /* AlertTests.swift */; };
		4A10DB6B1D45103800E304C5 /* APIClientTests.swift in Sources */ = {isa = PBXBuildFile; fileRef = D4D9F2D71C54462A00A4A02F /* APIClientTests.swift */; };
		4A10DB6C1D45103800E304C5 /* DataBlockTests.swift in Sources */ = {isa = PBXBuildFile; fileRef = D4D9F2CF1C5442C400A4A02F /* DataBlockTests.swift */; };
		4A10DB6D1D45103800E304C5 /* DataPointTests.swift in Sources */ = {isa = PBXBuildFile; fileRef = D4D9F2CB1C54410300A4A02F /* DataPointTests.swift */; };
		4A10DB6E1D45103800E304C5 /* FlagTests.swift in Sources */ = {isa = PBXBuildFile; fileRef = D4D9F2C71C54400700A4A02F /* FlagTests.swift */; };
		4A10DB6F1D45103800E304C5 /* ForecastTests.swift in Sources */ = {isa = PBXBuildFile; fileRef = D4D9F2B81C5434B800A4A02F /* ForecastTests.swift */; };
		4A10DB711D45103800E304C5 /* UnitsTest.swift in Sources */ = {isa = PBXBuildFile; fileRef = D4D9F2D31C54454100A4A02F /* UnitsTest.swift */; };
		4A10DB721D45103900E304C5 /* AlertTests.swift in Sources */ = {isa = PBXBuildFile; fileRef = D4D9F2C31C543ED900A4A02F /* AlertTests.swift */; };
		4A10DB731D45103900E304C5 /* APIClientTests.swift in Sources */ = {isa = PBXBuildFile; fileRef = D4D9F2D71C54462A00A4A02F /* APIClientTests.swift */; };
		4A10DB7B1D4510A900E304C5 /* Language.swift in Sources */ = {isa = PBXBuildFile; fileRef = 4A10DB7A1D4510A900E304C5 /* Language.swift */; };
		4A14A6F41CDAA80E00D4C108 /* forecast_bare.json in Resources */ = {isa = PBXBuildFile; fileRef = 4A14A6EE1CDAA80300D4C108 /* forecast_bare.json */; };
		4A14A6F51CDAA80F00D4C108 /* forecast_bare.json in Resources */ = {isa = PBXBuildFile; fileRef = 4A14A6EE1CDAA80300D4C108 /* forecast_bare.json */; };
		4A3364681CD9712000775650 /* forecast_no_optionals.json in Resources */ = {isa = PBXBuildFile; fileRef = 4A3364661CD9712000775650 /* forecast_no_optionals.json */; };
		4A3364691CD9712000775650 /* forecast_no_optionals.json in Resources */ = {isa = PBXBuildFile; fileRef = 4A3364661CD9712000775650 /* forecast_no_optionals.json */; };
		4A468FF51D9A0AAF00B2C0D2 /* ForecastIOError.swift in Sources */ = {isa = PBXBuildFile; fileRef = 4A468FF41D9A0AAF00B2C0D2 /* ForecastIOError.swift */; };
		4A468FF61D9A0AAF00B2C0D2 /* ForecastIOError.swift in Sources */ = {isa = PBXBuildFile; fileRef = 4A468FF41D9A0AAF00B2C0D2 /* ForecastIOError.swift */; };
		4A468FF71D9A0AAF00B2C0D2 /* ForecastIOError.swift in Sources */ = {isa = PBXBuildFile; fileRef = 4A468FF41D9A0AAF00B2C0D2 /* ForecastIOError.swift */; };
		4A468FF81D9A0ABB00B2C0D2 /* ForecastIOError.swift in Sources */ = {isa = PBXBuildFile; fileRef = 4A468FF41D9A0AAF00B2C0D2 /* ForecastIOError.swift */; };
		4A56CEB31D447BD000751AF6 /* Alert.swift in Sources */ = {isa = PBXBuildFile; fileRef = D4564FB61C53F52000CB7548 /* Alert.swift */; };
		4A56CEB41D447BD000751AF6 /* APIClient.swift in Sources */ = {isa = PBXBuildFile; fileRef = D4564FB71C53F52000CB7548 /* APIClient.swift */; };
		4A56CEB51D447BD000751AF6 /* DataBlock.swift in Sources */ = {isa = PBXBuildFile; fileRef = D4564FB81C53F52000CB7548 /* DataBlock.swift */; };
		4A56CEB61D447BD000751AF6 /* DataPoint.swift in Sources */ = {isa = PBXBuildFile; fileRef = D4564FB91C53F52000CB7548 /* DataPoint.swift */; };
		4A56CEB71D447BD000751AF6 /* Flag.swift in Sources */ = {isa = PBXBuildFile; fileRef = D4564FBA1C53F52000CB7548 /* Flag.swift */; };
		4A56CEB81D447BD000751AF6 /* Forecast.swift in Sources */ = {isa = PBXBuildFile; fileRef = D4564FBB1C53F52000CB7548 /* Forecast.swift */; };
		4A56CEB91D447BD000751AF6 /* Icon.swift in Sources */ = {isa = PBXBuildFile; fileRef = D4564FBC1C53F52000CB7548 /* Icon.swift */; };
		4A56CEBA1D447BD000751AF6 /* Precipitation.swift in Sources */ = {isa = PBXBuildFile; fileRef = D4564FBE1C53F52000CB7548 /* Precipitation.swift */; };
		4A56CEBD1D447BD000751AF6 /* Units.swift in Sources */ = {isa = PBXBuildFile; fileRef = D4564FBF1C53F52000CB7548 /* Units.swift */; };
		4A56CEC51D447F4900751AF6 /* Language.swift in Sources */ = {isa = PBXBuildFile; fileRef = 4A56CEB11D44770C00751AF6 /* Language.swift */; };
		4A56CEC61D447F4A00751AF6 /* Language.swift in Sources */ = {isa = PBXBuildFile; fileRef = 4A56CEB11D44770C00751AF6 /* Language.swift */; };
		4A56CEC71D447F4B00751AF6 /* Language.swift in Sources */ = {isa = PBXBuildFile; fileRef = 4A56CEB11D44770C00751AF6 /* Language.swift */; };
		4A61CCB71D98A27200BF9F5A /* Field.swift in Sources */ = {isa = PBXBuildFile; fileRef = 4A61CCB61D98A27200BF9F5A /* Field.swift */; };
		4A61CCB81D98A3C000BF9F5A /* Field.swift in Sources */ = {isa = PBXBuildFile; fileRef = 4A61CCB61D98A27200BF9F5A /* Field.swift */; };
		4A61CCB91D98A3C400BF9F5A /* Field.swift in Sources */ = {isa = PBXBuildFile; fileRef = 4A61CCB61D98A27200BF9F5A /* Field.swift */; };
		4A61CCBA1D98A3C800BF9F5A /* Field.swift in Sources */ = {isa = PBXBuildFile; fileRef = 4A61CCB61D98A27200BF9F5A /* Field.swift */; };
		4A7AFEA41D98B9BA00568802 /* Result.swift in Sources */ = {isa = PBXBuildFile; fileRef = 4A7AFEA31D98B9BA00568802 /* Result.swift */; };
		4A8B235C1D44807E00ACBAA8 /* forecast_bare.json in Resources */ = {isa = PBXBuildFile; fileRef = 4A14A6EE1CDAA80300D4C108 /* forecast_bare.json */; };
		4A8B235D1D44807E00ACBAA8 /* forecast.json in Resources */ = {isa = PBXBuildFile; fileRef = D4D9F2B41C54061600A4A02F /* forecast.json */; };
		4A8B235E1D44807E00ACBAA8 /* forecast_no_optionals.json in Resources */ = {isa = PBXBuildFile; fileRef = 4A3364661CD9712000775650 /* forecast_no_optionals.json */; };
		4AA3256E1D615F03003CFFA9 /* DataBlockTests.swift in Sources */ = {isa = PBXBuildFile; fileRef = D4D9F2CF1C5442C400A4A02F /* DataBlockTests.swift */; };
		4AA3256F1D615F03003CFFA9 /* DataPointTests.swift in Sources */ = {isa = PBXBuildFile; fileRef = D4D9F2CB1C54410300A4A02F /* DataPointTests.swift */; };
		4AA325701D615F03003CFFA9 /* FlagTests.swift in Sources */ = {isa = PBXBuildFile; fileRef = D4D9F2C71C54400700A4A02F /* FlagTests.swift */; };
		4AA325711D615F03003CFFA9 /* ForecastTests.swift in Sources */ = {isa = PBXBuildFile; fileRef = D4D9F2B81C5434B800A4A02F /* ForecastTests.swift */; };
		4AA325731D615F03003CFFA9 /* IconTests.swift in Sources */ = {isa = PBXBuildFile; fileRef = 4AB708701D45246C005D1E8E /* IconTests.swift */; };
		4AA325741D615F03003CFFA9 /* LanguageTests.swift in Sources */ = {isa = PBXBuildFile; fileRef = 4AB7086C1D45230F005D1E8E /* LanguageTests.swift */; };
		4AA325751D615F03003CFFA9 /* PrecipitationTests.swift in Sources */ = {isa = PBXBuildFile; fileRef = 4AB708741D452539005D1E8E /* PrecipitationTests.swift */; };
		4AA325761D615F03003CFFA9 /* UnitsTest.swift in Sources */ = {isa = PBXBuildFile; fileRef = D4D9F2D31C54454100A4A02F /* UnitsTest.swift */; };
		4AB7086E1D45230F005D1E8E /* LanguageTests.swift in Sources */ = {isa = PBXBuildFile; fileRef = 4AB7086C1D45230F005D1E8E /* LanguageTests.swift */; };
		4AB7086F1D45230F005D1E8E /* LanguageTests.swift in Sources */ = {isa = PBXBuildFile; fileRef = 4AB7086C1D45230F005D1E8E /* LanguageTests.swift */; };
		4AB708721D45246C005D1E8E /* IconTests.swift in Sources */ = {isa = PBXBuildFile; fileRef = 4AB708701D45246C005D1E8E /* IconTests.swift */; };
		4AB708731D45246C005D1E8E /* IconTests.swift in Sources */ = {isa = PBXBuildFile; fileRef = 4AB708701D45246C005D1E8E /* IconTests.swift */; };
		4AB708761D452539005D1E8E /* PrecipitationTests.swift in Sources */ = {isa = PBXBuildFile; fileRef = 4AB708741D452539005D1E8E /* PrecipitationTests.swift */; };
		4AB708771D452539005D1E8E /* PrecipitationTests.swift in Sources */ = {isa = PBXBuildFile; fileRef = 4AB708741D452539005D1E8E /* PrecipitationTests.swift */; };
		4AF007151D98BC4D00209184 /* Result.swift in Sources */ = {isa = PBXBuildFile; fileRef = 4A7AFEA31D98B9BA00568802 /* Result.swift */; };
		4AF007161D98BC5000209184 /* Result.swift in Sources */ = {isa = PBXBuildFile; fileRef = 4A7AFEA31D98B9BA00568802 /* Result.swift */; };
		4AF007171D98BC5700209184 /* Result.swift in Sources */ = {isa = PBXBuildFile; fileRef = 4A7AFEA31D98B9BA00568802 /* Result.swift */; };
		4AF9825A1D45024100081BC8 /* ForecastIO.framework in Frameworks */ = {isa = PBXBuildFile; fileRef = 52F3D67303609FDA6D12254CB10EDE7C /* ForecastIO.framework */; };
		5ABCACFE76610D1BA9085803 /* Pods_ForecastIO_macOS_Tests.framework in Frameworks */ = {isa = PBXBuildFile; fileRef = 96F290BC03424BDFA86DFE07 /* Pods_ForecastIO_macOS_Tests.framework */; };
		99DDEA407AFC1B8A6B7DA975EC9F410C /* Foundation.framework in Frameworks */ = {isa = PBXBuildFile; fileRef = 3E4E89230EF59BC255123B67864ACF77 /* Foundation.framework */; };
		CA656EA4338E2B321D69779D /* Pods_ForecastIO_iOS_Tests.framework in Frameworks */ = {isa = PBXBuildFile; fileRef = C9013E1F9BED826EE6957782 /* Pods_ForecastIO_iOS_Tests.framework */; };
		D4446E7A1C51538000FBC8A8 /* ForecastIO.framework in Frameworks */ = {isa = PBXBuildFile; fileRef = D4446E701C51538000FBC8A8 /* ForecastIO.framework */; };
		D4446E911C51543900FBC8A8 /* Foundation.framework in Frameworks */ = {isa = PBXBuildFile; fileRef = D4446E901C51543900FBC8A8 /* Foundation.framework */; };
		D4564FC21C53F52000CB7548 /* Alert.swift in Sources */ = {isa = PBXBuildFile; fileRef = D4564FB61C53F52000CB7548 /* Alert.swift */; };
		D4564FC41C53F52000CB7548 /* Alert.swift in Sources */ = {isa = PBXBuildFile; fileRef = D4564FB61C53F52000CB7548 /* Alert.swift */; };
		D4564FC61C53F52000CB7548 /* Alert.swift in Sources */ = {isa = PBXBuildFile; fileRef = D4564FB61C53F52000CB7548 /* Alert.swift */; };
		D4564FC91C53F52000CB7548 /* APIClient.swift in Sources */ = {isa = PBXBuildFile; fileRef = D4564FB71C53F52000CB7548 /* APIClient.swift */; };
		D4564FCB1C53F52000CB7548 /* APIClient.swift in Sources */ = {isa = PBXBuildFile; fileRef = D4564FB71C53F52000CB7548 /* APIClient.swift */; };
		D4564FCD1C53F52000CB7548 /* APIClient.swift in Sources */ = {isa = PBXBuildFile; fileRef = D4564FB71C53F52000CB7548 /* APIClient.swift */; };
		D4564FD01C53F52000CB7548 /* DataBlock.swift in Sources */ = {isa = PBXBuildFile; fileRef = D4564FB81C53F52000CB7548 /* DataBlock.swift */; };
		D4564FD21C53F52000CB7548 /* DataBlock.swift in Sources */ = {isa = PBXBuildFile; fileRef = D4564FB81C53F52000CB7548 /* DataBlock.swift */; };
		D4564FD41C53F52000CB7548 /* DataBlock.swift in Sources */ = {isa = PBXBuildFile; fileRef = D4564FB81C53F52000CB7548 /* DataBlock.swift */; };
		D4564FD71C53F52000CB7548 /* DataPoint.swift in Sources */ = {isa = PBXBuildFile; fileRef = D4564FB91C53F52000CB7548 /* DataPoint.swift */; };
		D4564FD91C53F52000CB7548 /* DataPoint.swift in Sources */ = {isa = PBXBuildFile; fileRef = D4564FB91C53F52000CB7548 /* DataPoint.swift */; };
		D4564FDB1C53F52000CB7548 /* DataPoint.swift in Sources */ = {isa = PBXBuildFile; fileRef = D4564FB91C53F52000CB7548 /* DataPoint.swift */; };
		D4564FDE1C53F52000CB7548 /* Flag.swift in Sources */ = {isa = PBXBuildFile; fileRef = D4564FBA1C53F52000CB7548 /* Flag.swift */; };
		D4564FE01C53F52000CB7548 /* Flag.swift in Sources */ = {isa = PBXBuildFile; fileRef = D4564FBA1C53F52000CB7548 /* Flag.swift */; };
		D4564FE21C53F52000CB7548 /* Flag.swift in Sources */ = {isa = PBXBuildFile; fileRef = D4564FBA1C53F52000CB7548 /* Flag.swift */; };
		D4564FE51C53F52000CB7548 /* Forecast.swift in Sources */ = {isa = PBXBuildFile; fileRef = D4564FBB1C53F52000CB7548 /* Forecast.swift */; };
		D4564FE71C53F52000CB7548 /* Forecast.swift in Sources */ = {isa = PBXBuildFile; fileRef = D4564FBB1C53F52000CB7548 /* Forecast.swift */; };
		D4564FE91C53F52000CB7548 /* Forecast.swift in Sources */ = {isa = PBXBuildFile; fileRef = D4564FBB1C53F52000CB7548 /* Forecast.swift */; };
		D4564FEC1C53F52000CB7548 /* Icon.swift in Sources */ = {isa = PBXBuildFile; fileRef = D4564FBC1C53F52000CB7548 /* Icon.swift */; };
		D4564FEE1C53F52000CB7548 /* Icon.swift in Sources */ = {isa = PBXBuildFile; fileRef = D4564FBC1C53F52000CB7548 /* Icon.swift */; };
		D4564FF01C53F52000CB7548 /* Icon.swift in Sources */ = {isa = PBXBuildFile; fileRef = D4564FBC1C53F52000CB7548 /* Icon.swift */; };
		D4564FFA1C53F52000CB7548 /* Precipitation.swift in Sources */ = {isa = PBXBuildFile; fileRef = D4564FBE1C53F52000CB7548 /* Precipitation.swift */; };
		D4564FFC1C53F52000CB7548 /* Precipitation.swift in Sources */ = {isa = PBXBuildFile; fileRef = D4564FBE1C53F52000CB7548 /* Precipitation.swift */; };
		D4564FFE1C53F52000CB7548 /* Precipitation.swift in Sources */ = {isa = PBXBuildFile; fileRef = D4564FBE1C53F52000CB7548 /* Precipitation.swift */; };
		D45650011C53F52000CB7548 /* Units.swift in Sources */ = {isa = PBXBuildFile; fileRef = D4564FBF1C53F52000CB7548 /* Units.swift */; };
		D45650031C53F52100CB7548 /* Units.swift in Sources */ = {isa = PBXBuildFile; fileRef = D4564FBF1C53F52000CB7548 /* Units.swift */; };
		D45650051C53F52100CB7548 /* Units.swift in Sources */ = {isa = PBXBuildFile; fileRef = D4564FBF1C53F52000CB7548 /* Units.swift */; };
		D4A480721C507CE70053EB05 /* Foundation.framework in Frameworks */ = {isa = PBXBuildFile; fileRef = 3E4E89230EF59BC255123B67864ACF77 /* Foundation.framework */; };
		D4A4808B1C507D730053EB05 /* Foundation.framework in Frameworks */ = {isa = PBXBuildFile; fileRef = 3E4E89230EF59BC255123B67864ACF77 /* Foundation.framework */; };
		D4D9F2B61C54061600A4A02F /* forecast.json in Resources */ = {isa = PBXBuildFile; fileRef = D4D9F2B41C54061600A4A02F /* forecast.json */; };
		D4D9F2B71C54061600A4A02F /* forecast.json in Resources */ = {isa = PBXBuildFile; fileRef = D4D9F2B41C54061600A4A02F /* forecast.json */; };
		D4DE2ACF1C513EA00063A7CA /* ForecastIO.framework in Frameworks */ = {isa = PBXBuildFile; fileRef = 52F3D67303609FDA6D12254CB10EDE7C /* ForecastIO.framework */; };
/* End PBXBuildFile section */

/* Begin PBXContainerItemProxy section */
		4A8B23571D447FB300ACBAA8 /* PBXContainerItemProxy */ = {
			isa = PBXContainerItemProxy;
			containerPortal = D41D8CD98F00B204E9800998ECF8427E /* Project object */;
			proxyType = 1;
			remoteGlobalIDString = 39ED6CDC99672303F992B722C0ABD571;
			remoteInfo = "ForecastIO iOS";
		};
		D474A13C1C553F730094BBFE /* PBXContainerItemProxy */ = {
			isa = PBXContainerItemProxy;
			containerPortal = D41D8CD98F00B204E9800998ECF8427E /* Project object */;
			proxyType = 1;
			remoteGlobalIDString = D4446E6F1C51538000FBC8A8;
			remoteInfo = "ForecastIO OS X";
		};
		D474A13E1C553F8F0094BBFE /* PBXContainerItemProxy */ = {
			isa = PBXContainerItemProxy;
			containerPortal = D41D8CD98F00B204E9800998ECF8427E /* Project object */;
			proxyType = 1;
			remoteGlobalIDString = D4A4807D1C507D730053EB05;
			remoteInfo = "ForecastIO tvOS";
		};
/* End PBXContainerItemProxy section */

/* Begin PBXFileReference section */
		092D5794F1D9F9ED48D55505 /* Pods-ForecastIO tvOS Tests.release.xcconfig */ = {isa = PBXFileReference; includeInIndex = 1; lastKnownFileType = text.xcconfig; name = "Pods-ForecastIO tvOS Tests.release.xcconfig"; path = "Pods/Target Support Files/Pods-ForecastIO tvOS Tests/Pods-ForecastIO tvOS Tests.release.xcconfig"; sourceTree = "<group>"; };
		12EB4AA3A72DB396C38E25DB /* Pods_ForecastIO_tvOS_Tests.framework */ = {isa = PBXFileReference; explicitFileType = wrapper.framework; includeInIndex = 0; path = Pods_ForecastIO_tvOS_Tests.framework; sourceTree = BUILT_PRODUCTS_DIR; };
		191359B70894BED3AA7BABDA /* Pods-ForecastIO tvOS Tests.debug.xcconfig */ = {isa = PBXFileReference; includeInIndex = 1; lastKnownFileType = text.xcconfig; name = "Pods-ForecastIO tvOS Tests.debug.xcconfig"; path = "Pods/Target Support Files/Pods-ForecastIO tvOS Tests/Pods-ForecastIO tvOS Tests.debug.xcconfig"; sourceTree = "<group>"; };
		3E4E89230EF59BC255123B67864ACF77 /* Foundation.framework */ = {isa = PBXFileReference; lastKnownFileType = wrapper.framework; name = Foundation.framework; path = Platforms/iPhoneOS.platform/Developer/SDKs/iPhoneOS9.0.sdk/System/Library/Frameworks/Foundation.framework; sourceTree = DEVELOPER_DIR; };
		4A10DB7A1D4510A900E304C5 /* Language.swift */ = {isa = PBXFileReference; fileEncoding = 4; lastKnownFileType = sourcecode.swift; name = Language.swift; path = Source/Language.swift; sourceTree = "<group>"; };
		4A14A6EE1CDAA80300D4C108 /* forecast_bare.json */ = {isa = PBXFileReference; fileEncoding = 4; lastKnownFileType = text.json; name = forecast_bare.json; path = Tests/Resources/forecast_bare.json; sourceTree = SOURCE_ROOT; };
		4A3364661CD9712000775650 /* forecast_no_optionals.json */ = {isa = PBXFileReference; fileEncoding = 4; lastKnownFileType = text.json; name = forecast_no_optionals.json; path = Tests/Resources/forecast_no_optionals.json; sourceTree = SOURCE_ROOT; };
		4A3640F91D150EAA005602A7 /* CHANGELOG.md */ = {isa = PBXFileReference; lastKnownFileType = net.daringfireball.markdown; path = CHANGELOG.md; sourceTree = "<group>"; };
		4A468FF41D9A0AAF00B2C0D2 /* ForecastIOError.swift */ = {isa = PBXFileReference; fileEncoding = 4; lastKnownFileType = sourcecode.swift; name = ForecastIOError.swift; path = Source/ForecastIOError.swift; sourceTree = "<group>"; };
		4A56CEB11D44770C00751AF6 /* Language.swift */ = {isa = PBXFileReference; fileEncoding = 4; lastKnownFileType = sourcecode.swift; name = Language.swift; path = Source/Language.swift; sourceTree = "<group>"; };
		4A61CCB61D98A27200BF9F5A /* Field.swift */ = {isa = PBXFileReference; fileEncoding = 4; lastKnownFileType = sourcecode.swift; name = Field.swift; path = Source/Field.swift; sourceTree = "<group>"; };
		4A7AFEA31D98B9BA00568802 /* Result.swift */ = {isa = PBXFileReference; fileEncoding = 4; lastKnownFileType = sourcecode.swift; name = Result.swift; path = Source/Result.swift; sourceTree = "<group>"; };
		4A8B23511D447FB300ACBAA8 /* ForecastIO iOS Tests.xctest */ = {isa = PBXFileReference; explicitFileType = wrapper.cfbundle; includeInIndex = 0; path = "ForecastIO iOS Tests.xctest"; sourceTree = BUILT_PRODUCTS_DIR; };
		4AB7086C1D45230F005D1E8E /* LanguageTests.swift */ = {isa = PBXFileReference; fileEncoding = 4; lastKnownFileType = sourcecode.swift; name = LanguageTests.swift; path = Tests/LanguageTests.swift; sourceTree = SOURCE_ROOT; };
		4AB708701D45246C005D1E8E /* IconTests.swift */ = {isa = PBXFileReference; fileEncoding = 4; lastKnownFileType = sourcecode.swift; name = IconTests.swift; path = Tests/IconTests.swift; sourceTree = SOURCE_ROOT; };
		4AB708741D452539005D1E8E /* PrecipitationTests.swift */ = {isa = PBXFileReference; fileEncoding = 4; lastKnownFileType = sourcecode.swift; name = PrecipitationTests.swift; path = Tests/PrecipitationTests.swift; sourceTree = SOURCE_ROOT; };
		52F3D67303609FDA6D12254CB10EDE7C /* ForecastIO.framework */ = {isa = PBXFileReference; explicitFileType = wrapper.framework; includeInIndex = 0; path = ForecastIO.framework; sourceTree = BUILT_PRODUCTS_DIR; };
		96F290BC03424BDFA86DFE07 /* Pods_ForecastIO_macOS_Tests.framework */ = {isa = PBXFileReference; explicitFileType = wrapper.framework; includeInIndex = 0; path = Pods_ForecastIO_macOS_Tests.framework; sourceTree = BUILT_PRODUCTS_DIR; };
		9B1B356DACA6D8F6203D8BA3 /* Pods-ForecastIO macOS Tests.release.xcconfig */ = {isa = PBXFileReference; includeInIndex = 1; lastKnownFileType = text.xcconfig; name = "Pods-ForecastIO macOS Tests.release.xcconfig"; path = "Pods/Target Support Files/Pods-ForecastIO macOS Tests/Pods-ForecastIO macOS Tests.release.xcconfig"; sourceTree = "<group>"; };
		AA68478095963C4BF1141CF2 /* Pods-ForecastIO iOS Tests.debug.xcconfig */ = {isa = PBXFileReference; includeInIndex = 1; lastKnownFileType = text.xcconfig; name = "Pods-ForecastIO iOS Tests.debug.xcconfig"; path = "Pods/Target Support Files/Pods-ForecastIO iOS Tests/Pods-ForecastIO iOS Tests.debug.xcconfig"; sourceTree = "<group>"; };
		BA6428E9F66FD5A23C0A2E06ED26CD2F /* Podfile */ = {isa = PBXFileReference; includeInIndex = 1; lastKnownFileType = text; path = Podfile; sourceTree = SOURCE_ROOT; xcLanguageSpecificationIdentifier = xcode.lang.ruby; };
		BC556936E1D2FA0BE77EF0D4 /* Pods-ForecastIO iOS Tests.release.xcconfig */ = {isa = PBXFileReference; includeInIndex = 1; lastKnownFileType = text.xcconfig; name = "Pods-ForecastIO iOS Tests.release.xcconfig"; path = "Pods/Target Support Files/Pods-ForecastIO iOS Tests/Pods-ForecastIO iOS Tests.release.xcconfig"; sourceTree = "<group>"; };
		BF213A74D8DC9F42C361755D /* Pods-ForecastIO macOS Tests.debug.xcconfig */ = {isa = PBXFileReference; includeInIndex = 1; lastKnownFileType = text.xcconfig; name = "Pods-ForecastIO macOS Tests.debug.xcconfig"; path = "Pods/Target Support Files/Pods-ForecastIO macOS Tests/Pods-ForecastIO macOS Tests.debug.xcconfig"; sourceTree = "<group>"; };
		C9013E1F9BED826EE6957782 /* Pods_ForecastIO_iOS_Tests.framework */ = {isa = PBXFileReference; explicitFileType = wrapper.framework; includeInIndex = 0; path = Pods_ForecastIO_iOS_Tests.framework; sourceTree = BUILT_PRODUCTS_DIR; };
		D4446E701C51538000FBC8A8 /* ForecastIO.framework */ = {isa = PBXFileReference; explicitFileType = wrapper.framework; includeInIndex = 0; path = ForecastIO.framework; sourceTree = BUILT_PRODUCTS_DIR; };
		D4446E791C51538000FBC8A8 /* ForecastIO macOS Tests.xctest */ = {isa = PBXFileReference; explicitFileType = wrapper.cfbundle; includeInIndex = 0; path = "ForecastIO macOS Tests.xctest"; sourceTree = BUILT_PRODUCTS_DIR; };
		D4446E901C51543900FBC8A8 /* Foundation.framework */ = {isa = PBXFileReference; lastKnownFileType = wrapper.framework; name = Foundation.framework; path = System/Library/Frameworks/Foundation.framework; sourceTree = SDKROOT; };
		D4564FB61C53F52000CB7548 /* Alert.swift */ = {isa = PBXFileReference; fileEncoding = 4; lastKnownFileType = sourcecode.swift; lineEnding = 0; name = Alert.swift; path = Source/Alert.swift; sourceTree = "<group>"; };
		D4564FB71C53F52000CB7548 /* APIClient.swift */ = {isa = PBXFileReference; fileEncoding = 4; lastKnownFileType = sourcecode.swift; lineEnding = 0; name = APIClient.swift; path = Source/APIClient.swift; sourceTree = "<group>"; };
		D4564FB81C53F52000CB7548 /* DataBlock.swift */ = {isa = PBXFileReference; fileEncoding = 4; lastKnownFileType = sourcecode.swift; lineEnding = 0; name = DataBlock.swift; path = Source/DataBlock.swift; sourceTree = "<group>"; };
		D4564FB91C53F52000CB7548 /* DataPoint.swift */ = {isa = PBXFileReference; fileEncoding = 4; lastKnownFileType = sourcecode.swift; lineEnding = 0; name = DataPoint.swift; path = Source/DataPoint.swift; sourceTree = "<group>"; };
		D4564FBA1C53F52000CB7548 /* Flag.swift */ = {isa = PBXFileReference; fileEncoding = 4; lastKnownFileType = sourcecode.swift; lineEnding = 0; name = Flag.swift; path = Source/Flag.swift; sourceTree = "<group>"; };
		D4564FBB1C53F52000CB7548 /* Forecast.swift */ = {isa = PBXFileReference; fileEncoding = 4; lastKnownFileType = sourcecode.swift; lineEnding = 0; name = Forecast.swift; path = Source/Forecast.swift; sourceTree = "<group>"; };
		D4564FBC1C53F52000CB7548 /* Icon.swift */ = {isa = PBXFileReference; fileEncoding = 4; lastKnownFileType = sourcecode.swift; lineEnding = 0; name = Icon.swift; path = Source/Icon.swift; sourceTree = "<group>"; };
		D4564FBD1C53F52000CB7548 /* Info.plist */ = {isa = PBXFileReference; fileEncoding = 4; lastKnownFileType = text.plist.xml; name = Info.plist; path = Source/Info.plist; sourceTree = "<group>"; };
		D4564FBE1C53F52000CB7548 /* Precipitation.swift */ = {isa = PBXFileReference; fileEncoding = 4; lastKnownFileType = sourcecode.swift; name = Precipitation.swift; path = Source/Precipitation.swift; sourceTree = "<group>"; };
		D4564FBF1C53F52000CB7548 /* Units.swift */ = {isa = PBXFileReference; fileEncoding = 4; lastKnownFileType = sourcecode.swift; lineEnding = 0; name = Units.swift; path = Source/Units.swift; sourceTree = "<group>"; };
		D45650071C53F53800CB7548 /* Info.plist */ = {isa = PBXFileReference; fileEncoding = 4; lastKnownFileType = text.plist.xml; name = Info.plist; path = Tests/Info.plist; sourceTree = SOURCE_ROOT; };
		D4A4807A1C507CE70053EB05 /* ForecastIO.framework */ = {isa = PBXFileReference; explicitFileType = wrapper.framework; includeInIndex = 0; path = ForecastIO.framework; sourceTree = BUILT_PRODUCTS_DIR; };
		D4A480931C507D730053EB05 /* ForecastIO.framework */ = {isa = PBXFileReference; explicitFileType = wrapper.framework; includeInIndex = 0; path = ForecastIO.framework; sourceTree = BUILT_PRODUCTS_DIR; };
		D4B85DAC1C533A7B00BD2FCD /* ForecastIO.podspec */ = {isa = PBXFileReference; fileEncoding = 4; lastKnownFileType = text; path = ForecastIO.podspec; sourceTree = "<group>"; };
		D4B85DAD1C533A7B00BD2FCD /* LICENSE */ = {isa = PBXFileReference; fileEncoding = 4; lastKnownFileType = text; path = LICENSE; sourceTree = "<group>"; };
		D4B85DAE1C533A7B00BD2FCD /* README.md */ = {isa = PBXFileReference; fileEncoding = 4; lastKnownFileType = net.daringfireball.markdown; path = README.md; sourceTree = "<group>"; };
		D4D9F2B01C53F76500A4A02F /* Package.swift */ = {isa = PBXFileReference; lastKnownFileType = sourcecode.swift; path = Package.swift; sourceTree = "<group>"; };
		D4D9F2B41C54061600A4A02F /* forecast.json */ = {isa = PBXFileReference; fileEncoding = 4; lastKnownFileType = text.json; name = forecast.json; path = Tests/Resources/forecast.json; sourceTree = SOURCE_ROOT; };
		D4D9F2B81C5434B800A4A02F /* ForecastTests.swift */ = {isa = PBXFileReference; fileEncoding = 4; lastKnownFileType = sourcecode.swift; name = ForecastTests.swift; path = Tests/ForecastTests.swift; sourceTree = SOURCE_ROOT; };
		D4D9F2C31C543ED900A4A02F /* AlertTests.swift */ = {isa = PBXFileReference; fileEncoding = 4; lastKnownFileType = sourcecode.swift; name = AlertTests.swift; path = Tests/AlertTests.swift; sourceTree = SOURCE_ROOT; };
		D4D9F2C71C54400700A4A02F /* FlagTests.swift */ = {isa = PBXFileReference; fileEncoding = 4; lastKnownFileType = sourcecode.swift; name = FlagTests.swift; path = Tests/FlagTests.swift; sourceTree = SOURCE_ROOT; };
		D4D9F2CB1C54410300A4A02F /* DataPointTests.swift */ = {isa = PBXFileReference; fileEncoding = 4; lastKnownFileType = sourcecode.swift; name = DataPointTests.swift; path = Tests/DataPointTests.swift; sourceTree = SOURCE_ROOT; };
		D4D9F2CF1C5442C400A4A02F /* DataBlockTests.swift */ = {isa = PBXFileReference; fileEncoding = 4; lastKnownFileType = sourcecode.swift; name = DataBlockTests.swift; path = Tests/DataBlockTests.swift; sourceTree = SOURCE_ROOT; };
		D4D9F2D31C54454100A4A02F /* UnitsTest.swift */ = {isa = PBXFileReference; fileEncoding = 4; lastKnownFileType = sourcecode.swift; name = UnitsTest.swift; path = Tests/UnitsTest.swift; sourceTree = SOURCE_ROOT; };
		D4D9F2D71C54462A00A4A02F /* APIClientTests.swift */ = {isa = PBXFileReference; fileEncoding = 4; lastKnownFileType = sourcecode.swift; name = APIClientTests.swift; path = Tests/APIClientTests.swift; sourceTree = SOURCE_ROOT; };
		D4DE2AD41C513EA00063A7CA /* ForecastIO tvOS Tests.xctest */ = {isa = PBXFileReference; explicitFileType = wrapper.cfbundle; includeInIndex = 0; path = "ForecastIO tvOS Tests.xctest"; sourceTree = BUILT_PRODUCTS_DIR; };
/* End PBXFileReference section */

/* Begin PBXFrameworksBuildPhase section */
		A2AB66E7AAEBD170430F30A9 /* Frameworks */ = {
			isa = PBXFrameworksBuildPhase;
			buildActionMask = 2147483647;
			files = (
				4AF9825A1D45024100081BC8 /* ForecastIO.framework in Frameworks */,
				CA656EA4338E2B321D69779D /* Pods_ForecastIO_iOS_Tests.framework in Frameworks */,
			);
			runOnlyForDeploymentPostprocessing = 0;
		};
		D4446E6C1C51538000FBC8A8 /* Frameworks */ = {
			isa = PBXFrameworksBuildPhase;
			buildActionMask = 2147483647;
			files = (
				D4446E911C51543900FBC8A8 /* Foundation.framework in Frameworks */,
			);
			runOnlyForDeploymentPostprocessing = 0;
		};
		D4446E761C51538000FBC8A8 /* Frameworks */ = {
			isa = PBXFrameworksBuildPhase;
			buildActionMask = 2147483647;
			files = (
				D4446E7A1C51538000FBC8A8 /* ForecastIO.framework in Frameworks */,
				5ABCACFE76610D1BA9085803 /* Pods_ForecastIO_macOS_Tests.framework in Frameworks */,
			);
			runOnlyForDeploymentPostprocessing = 0;
		};
		D4A480711C507CE70053EB05 /* Frameworks */ = {
			isa = PBXFrameworksBuildPhase;
			buildActionMask = 2147483647;
			files = (
				D4A480721C507CE70053EB05 /* Foundation.framework in Frameworks */,
			);
			runOnlyForDeploymentPostprocessing = 0;
		};
		D4A4808A1C507D730053EB05 /* Frameworks */ = {
			isa = PBXFrameworksBuildPhase;
			buildActionMask = 2147483647;
			files = (
				D4A4808B1C507D730053EB05 /* Foundation.framework in Frameworks */,
			);
			runOnlyForDeploymentPostprocessing = 0;
		};
		D4DE2ACE1C513EA00063A7CA /* Frameworks */ = {
			isa = PBXFrameworksBuildPhase;
			buildActionMask = 2147483647;
			files = (
				D4DE2ACF1C513EA00063A7CA /* ForecastIO.framework in Frameworks */,
				2B5C2670CE91A99832E2AF62 /* Pods_ForecastIO_tvOS_Tests.framework in Frameworks */,
			);
			runOnlyForDeploymentPostprocessing = 0;
		};
		E4D8B7E7E5E923E5F131E208B6E0C02C /* Frameworks */ = {
			isa = PBXFrameworksBuildPhase;
			buildActionMask = 2147483647;
			files = (
				99DDEA407AFC1B8A6B7DA975EC9F410C /* Foundation.framework in Frameworks */,
			);
			runOnlyForDeploymentPostprocessing = 0;
		};
/* End PBXFrameworksBuildPhase section */

/* Begin PBXGroup section */
		7DB346D0F39D3F0E887471402A8071AB = {
			isa = PBXGroup;
			children = (
				D4B85E4C1C53466000BD2FCD /* Metadata */,
				D4564FB51C53F50F00CB7548 /* Source */,
				D4DE2AB01C513C040063A7CA /* Tests */,
				BC3CA7F9E30CC8F7E2DD044DD34432FC /* Frameworks */,
				8B40303E341216B1C5CF6E57ADE54857 /* Products */,
				CAC24571B48A74C836257F9A /* Pods */,
			);
			sourceTree = "<group>";
		};
		8B40303E341216B1C5CF6E57ADE54857 /* Products */ = {
			isa = PBXGroup;
			children = (
				52F3D67303609FDA6D12254CB10EDE7C /* ForecastIO.framework */,
				D4A4807A1C507CE70053EB05 /* ForecastIO.framework */,
				D4A480931C507D730053EB05 /* ForecastIO.framework */,
				D4DE2AD41C513EA00063A7CA /* ForecastIO tvOS Tests.xctest */,
				D4446E701C51538000FBC8A8 /* ForecastIO.framework */,
				D4446E791C51538000FBC8A8 /* ForecastIO macOS Tests.xctest */,
				4A8B23511D447FB300ACBAA8 /* ForecastIO iOS Tests.xctest */,
			);
			name = Products;
			sourceTree = "<group>";
		};
		BC3CA7F9E30CC8F7E2DD044DD34432FC /* Frameworks */ = {
			isa = PBXGroup;
			children = (
				D4446E901C51543900FBC8A8 /* Foundation.framework */,
				BF6342C8B29F4CEEA088EFF7AB4DE362 /* iOS */,
				C9013E1F9BED826EE6957782 /* Pods_ForecastIO_iOS_Tests.framework */,
				96F290BC03424BDFA86DFE07 /* Pods_ForecastIO_macOS_Tests.framework */,
				12EB4AA3A72DB396C38E25DB /* Pods_ForecastIO_tvOS_Tests.framework */,
			);
			name = Frameworks;
			sourceTree = "<group>";
		};
		BF6342C8B29F4CEEA088EFF7AB4DE362 /* iOS */ = {
			isa = PBXGroup;
			children = (
				3E4E89230EF59BC255123B67864ACF77 /* Foundation.framework */,
			);
			name = iOS;
			sourceTree = "<group>";
		};
		CAC24571B48A74C836257F9A /* Pods */ = {
			isa = PBXGroup;
			children = (
				AA68478095963C4BF1141CF2 /* Pods-ForecastIO iOS Tests.debug.xcconfig */,
				BC556936E1D2FA0BE77EF0D4 /* Pods-ForecastIO iOS Tests.release.xcconfig */,
				BF213A74D8DC9F42C361755D /* Pods-ForecastIO macOS Tests.debug.xcconfig */,
				9B1B356DACA6D8F6203D8BA3 /* Pods-ForecastIO macOS Tests.release.xcconfig */,
				191359B70894BED3AA7BABDA /* Pods-ForecastIO tvOS Tests.debug.xcconfig */,
				092D5794F1D9F9ED48D55505 /* Pods-ForecastIO tvOS Tests.release.xcconfig */,
			);
			name = Pods;
			sourceTree = "<group>";
		};
		D4564FB51C53F50F00CB7548 /* Source */ = {
			isa = PBXGroup;
			children = (
				D4564FB61C53F52000CB7548 /* Alert.swift */,
				D4564FB71C53F52000CB7548 /* APIClient.swift */,
				D4564FB81C53F52000CB7548 /* DataBlock.swift */,
				D4564FB91C53F52000CB7548 /* DataPoint.swift */,
				4A61CCB61D98A27200BF9F5A /* Field.swift */,
				D4564FBA1C53F52000CB7548 /* Flag.swift */,
				D4564FBB1C53F52000CB7548 /* Forecast.swift */,
				4A468FF41D9A0AAF00B2C0D2 /* ForecastIOError.swift */,
				D4564FBC1C53F52000CB7548 /* Icon.swift */,
				4A10DB7A1D4510A900E304C5 /* Language.swift */,
				D4564FBE1C53F52000CB7548 /* Precipitation.swift */,
				4A7AFEA31D98B9BA00568802 /* Result.swift */,
				D4564FBF1C53F52000CB7548 /* Units.swift */,
				D4564FBD1C53F52000CB7548 /* Info.plist */,
			);
			name = Source;
			sourceTree = "<group>";
		};
		D4B85E4C1C53466000BD2FCD /* Metadata */ = {
			isa = PBXGroup;
			children = (
				D4D9F2B01C53F76500A4A02F /* Package.swift */,
				D4B85DAC1C533A7B00BD2FCD /* ForecastIO.podspec */,
				D4B85DAD1C533A7B00BD2FCD /* LICENSE */,
				D4B85DAE1C533A7B00BD2FCD /* README.md */,
				4A3640F91D150EAA005602A7 /* CHANGELOG.md */,
				BA6428E9F66FD5A23C0A2E06ED26CD2F /* Podfile */,
			);
			name = Metadata;
			sourceTree = "<group>";
		};
		D4D9F2B31C54060800A4A02F /* Resources */ = {
			isa = PBXGroup;
			children = (
				4A14A6EE1CDAA80300D4C108 /* forecast_bare.json */,
				D4D9F2B41C54061600A4A02F /* forecast.json */,
				4A3364661CD9712000775650 /* forecast_no_optionals.json */,
			);
			name = Resources;
			sourceTree = "<group>";
		};
		D4DE2AB01C513C040063A7CA /* Tests */ = {
			isa = PBXGroup;
			children = (
				D4D9F2B31C54060800A4A02F /* Resources */,
				D4D9F2C31C543ED900A4A02F /* AlertTests.swift */,
				D4D9F2D71C54462A00A4A02F /* APIClientTests.swift */,
				D4D9F2CF1C5442C400A4A02F /* DataBlockTests.swift */,
				D4D9F2CB1C54410300A4A02F /* DataPointTests.swift */,
				D4D9F2C71C54400700A4A02F /* FlagTests.swift */,
				D4D9F2B81C5434B800A4A02F /* ForecastTests.swift */,
				4AB708701D45246C005D1E8E /* IconTests.swift */,
				4AB7086C1D45230F005D1E8E /* LanguageTests.swift */,
				4AB708741D452539005D1E8E /* PrecipitationTests.swift */,
				D4D9F2D31C54454100A4A02F /* UnitsTest.swift */,
				D45650071C53F53800CB7548 /* Info.plist */,
			);
			name = Tests;
			path = ../Tests;
			sourceTree = "<group>";
		};
/* End PBXGroup section */

/* Begin PBXHeadersBuildPhase section */
		803D6E644D8D567071D1C104F86256B4 /* Headers */ = {
			isa = PBXHeadersBuildPhase;
			buildActionMask = 2147483647;
			files = (
			);
			runOnlyForDeploymentPostprocessing = 0;
		};
		D4446E6D1C51538000FBC8A8 /* Headers */ = {
			isa = PBXHeadersBuildPhase;
			buildActionMask = 2147483647;
			files = (
			);
			runOnlyForDeploymentPostprocessing = 0;
		};
		D4A480751C507CE70053EB05 /* Headers */ = {
			isa = PBXHeadersBuildPhase;
			buildActionMask = 2147483647;
			files = (
			);
			runOnlyForDeploymentPostprocessing = 0;
		};
		D4A4808E1C507D730053EB05 /* Headers */ = {
			isa = PBXHeadersBuildPhase;
			buildActionMask = 2147483647;
			files = (
			);
			runOnlyForDeploymentPostprocessing = 0;
		};
/* End PBXHeadersBuildPhase section */

/* Begin PBXNativeTarget section */
		39ED6CDC99672303F992B722C0ABD571 /* ForecastIO iOS */ = {
			isa = PBXNativeTarget;
			buildConfigurationList = A32B4C69B09BE0AB58844B048FB52E83 /* Build configuration list for PBXNativeTarget "ForecastIO iOS" */;
			buildPhases = (
				DA287403977D57EABDEA8EA6959AD5D1 /* Sources */,
				E4D8B7E7E5E923E5F131E208B6E0C02C /* Frameworks */,
				ACCA54BE018BD7A524B6302832EC974D /* Resources */,
				803D6E644D8D567071D1C104F86256B4 /* Headers */,
			);
			buildRules = (
			);
			dependencies = (
			);
			name = "ForecastIO iOS";
			productName = ForecastIO;
			productReference = 52F3D67303609FDA6D12254CB10EDE7C /* ForecastIO.framework */;
			productType = "com.apple.product-type.framework";
		};
		4A8B23501D447FB300ACBAA8 /* ForecastIO iOS Tests */ = {
			isa = PBXNativeTarget;
			buildConfigurationList = 4A8B23591D447FB300ACBAA8 /* Build configuration list for PBXNativeTarget "ForecastIO iOS Tests" */;
			buildPhases = (
				5811BA940A14FA33465C6473 /* [CP] Check Pods Manifest.lock */,
				6454F655B03EA5266A4E7163 /* [CP] Check Pods Manifest.lock */,
				4A8B234D1D447FB300ACBAA8 /* Sources */,
				4A8B234F1D447FB300ACBAA8 /* Resources */,
				4A61E8DC1D4485FC000DDEC6 /* [CP] Embed Pods Frameworks */,
				A2AB66E7AAEBD170430F30A9 /* Frameworks */,
				A78386AA9D119F648E9AA85D /* [CP] Copy Pods Resources */,
				BFF18696856C11A277937E9B /* 📦 Embed Pods Frameworks */,
				697836CFFDC66359DEF71664 /* 📦 Copy Pods Resources */,
			);
			buildRules = (
			);
			dependencies = (
				4A8B23581D447FB300ACBAA8 /* PBXTargetDependency */,
			);
			name = "ForecastIO iOS Tests";
			productName = "ForecastIO iOS Tests";
			productReference = 4A8B23511D447FB300ACBAA8 /* ForecastIO iOS Tests.xctest */;
			productType = "com.apple.product-type.bundle.unit-test";
		};
		D4446E6F1C51538000FBC8A8 /* ForecastIO macOS */ = {
			isa = PBXNativeTarget;
			buildConfigurationList = D4446E851C51538000FBC8A8 /* Build configuration list for PBXNativeTarget "ForecastIO macOS" */;
			buildPhases = (
				D4446E6B1C51538000FBC8A8 /* Sources */,
				D4446E6C1C51538000FBC8A8 /* Frameworks */,
				D4446E6D1C51538000FBC8A8 /* Headers */,
				D4446E6E1C51538000FBC8A8 /* Resources */,
			);
			buildRules = (
			);
			dependencies = (
			);
			name = "ForecastIO macOS";
			productName = "ForecastIO OSX 2";
			productReference = D4446E701C51538000FBC8A8 /* ForecastIO.framework */;
			productType = "com.apple.product-type.framework";
		};
		D4446E781C51538000FBC8A8 /* ForecastIO macOS Tests */ = {
			isa = PBXNativeTarget;
			buildConfigurationList = D4446E861C51538000FBC8A8 /* Build configuration list for PBXNativeTarget "ForecastIO macOS Tests" */;
			buildPhases = (
				35F7B939CCAA58C116AAAAA7 /* [CP] Check Pods Manifest.lock */,
				0629B69C90A8CFDD149F1F26 /* [CP] Check Pods Manifest.lock */,
				D4446E751C51538000FBC8A8 /* Sources */,
				D4446E761C51538000FBC8A8 /* Frameworks */,
				D4446E771C51538000FBC8A8 /* Resources */,
				D567B01DC0F135735DE83125 /* [CP] Embed Pods Frameworks */,
				6206FF6BF0A4AEA3C3961B22 /* [CP] Copy Pods Resources */,
				541F5CEF4E1B0E11E15245AE /* 📦 Embed Pods Frameworks */,
				D36BCE5504D10B4402A89526 /* 📦 Copy Pods Resources */,
			);
			buildRules = (
			);
			dependencies = (
				D474A13D1C553F730094BBFE /* PBXTargetDependency */,
			);
			name = "ForecastIO macOS Tests";
			productName = "ForecastIO OSX 2Tests";
			productReference = D4446E791C51538000FBC8A8 /* ForecastIO macOS Tests.xctest */;
			productType = "com.apple.product-type.bundle.unit-test";
		};
		D4A480641C507CE70053EB05 /* ForecastIO watchOS */ = {
			isa = PBXNativeTarget;
			buildConfigurationList = D4A480771C507CE70053EB05 /* Build configuration list for PBXNativeTarget "ForecastIO watchOS" */;
			buildPhases = (
				D4A480671C507CE70053EB05 /* Sources */,
				D4A480711C507CE70053EB05 /* Frameworks */,
				D4A480731C507CE70053EB05 /* Resources */,
				D4A480751C507CE70053EB05 /* Headers */,
			);
			buildRules = (
			);
			dependencies = (
			);
			name = "ForecastIO watchOS";
			productName = ForecastIO;
			productReference = D4A4807A1C507CE70053EB05 /* ForecastIO.framework */;
			productType = "com.apple.product-type.framework";
		};
		D4A4807D1C507D730053EB05 /* ForecastIO tvOS */ = {
			isa = PBXNativeTarget;
			buildConfigurationList = D4A480901C507D730053EB05 /* Build configuration list for PBXNativeTarget "ForecastIO tvOS" */;
			buildPhases = (
				D4A480801C507D730053EB05 /* Sources */,
				D4A4808A1C507D730053EB05 /* Frameworks */,
				D4A4808C1C507D730053EB05 /* Resources */,
				D4A4808E1C507D730053EB05 /* Headers */,
			);
			buildRules = (
			);
			dependencies = (
			);
			name = "ForecastIO tvOS";
			productName = ForecastIO;
			productReference = D4A480931C507D730053EB05 /* ForecastIO.framework */;
			productType = "com.apple.product-type.framework";
		};
		D4DE2AC91C513EA00063A7CA /* ForecastIO tvOS Tests */ = {
			isa = PBXNativeTarget;
			buildConfigurationList = D4DE2AD11C513EA00063A7CA /* Build configuration list for PBXNativeTarget "ForecastIO tvOS Tests" */;
			buildPhases = (
				D77866CE3775D48775A3F8B1 /* [CP] Check Pods Manifest.lock */,
				2E631B9627D742CB6C5D14DF /* [CP] Check Pods Manifest.lock */,
				D4DE2ACC1C513EA00063A7CA /* Sources */,
				D4DE2ACE1C513EA00063A7CA /* Frameworks */,
				D4DE2AD01C513EA00063A7CA /* Resources */,
				1D371CDD30534294D1EBE02E /* [CP] Embed Pods Frameworks */,
				A51261E0D39E71E840F0BE03 /* [CP] Copy Pods Resources */,
				DE93023B7A6C2E5C9BEBC0B3 /* 📦 Embed Pods Frameworks */,
				ECB5FEA436EB1E973A7FAE01 /* 📦 Copy Pods Resources */,
			);
			buildRules = (
			);
			dependencies = (
				D474A13F1C553F8F0094BBFE /* PBXTargetDependency */,
			);
			name = "ForecastIO tvOS Tests";
			productName = "ForecastIO iOS Tests";
			productReference = D4DE2AD41C513EA00063A7CA /* ForecastIO tvOS Tests.xctest */;
			productType = "com.apple.product-type.bundle.unit-test";
		};
/* End PBXNativeTarget section */

/* Begin PBXProject section */
		D41D8CD98F00B204E9800998ECF8427E /* Project object */ = {
			isa = PBXProject;
			attributes = {
				LastSwiftUpdateCheck = 0730;
				LastUpgradeCheck = 0800;
				TargetAttributes = {
					39ED6CDC99672303F992B722C0ABD571 = {
						LastSwiftMigration = 0800;
					};
					4A8B23501D447FB300ACBAA8 = {
						CreatedOnToolsVersion = 7.3.1;
						DevelopmentTeam = 76333YNXLE;
						LastSwiftMigration = 0800;
					};
					D4446E6F1C51538000FBC8A8 = {
						CreatedOnToolsVersion = 7.2;
						LastSwiftMigration = 0800;
					};
					D4446E781C51538000FBC8A8 = {
						CreatedOnToolsVersion = 7.2;
						DevelopmentTeam = 76333YNXLE;
						LastSwiftMigration = 0800;
						ProvisioningStyle = Automatic;
					};
					D4A480641C507CE70053EB05 = {
						LastSwiftMigration = 0800;
					};
					D4A4807D1C507D730053EB05 = {
						LastSwiftMigration = 0800;
					};
					D4DE2AC91C513EA00063A7CA = {
						DevelopmentTeam = 76333YNXLE;
						LastSwiftMigration = 0800;
					};
				};
			};
			buildConfigurationList = 2D8E8EC45A3A1A1D94AE762CB5028504 /* Build configuration list for PBXProject "ForecastIO" */;
			compatibilityVersion = "Xcode 3.2";
			developmentRegion = English;
			hasScannedForEncodings = 0;
			knownRegions = (
				en,
			);
			mainGroup = 7DB346D0F39D3F0E887471402A8071AB;
			productRefGroup = 8B40303E341216B1C5CF6E57ADE54857 /* Products */;
			projectDirPath = "";
			projectRoot = "";
			targets = (
				39ED6CDC99672303F992B722C0ABD571 /* ForecastIO iOS */,
				4A8B23501D447FB300ACBAA8 /* ForecastIO iOS Tests */,
				D4A4807D1C507D730053EB05 /* ForecastIO tvOS */,
				D4DE2AC91C513EA00063A7CA /* ForecastIO tvOS Tests */,
				D4446E6F1C51538000FBC8A8 /* ForecastIO macOS */,
				D4446E781C51538000FBC8A8 /* ForecastIO macOS Tests */,
				D4A480641C507CE70053EB05 /* ForecastIO watchOS */,
			);
		};
/* End PBXProject section */

/* Begin PBXResourcesBuildPhase section */
		4A8B234F1D447FB300ACBAA8 /* Resources */ = {
			isa = PBXResourcesBuildPhase;
			buildActionMask = 2147483647;
			files = (
				4A8B235C1D44807E00ACBAA8 /* forecast_bare.json in Resources */,
				4A8B235D1D44807E00ACBAA8 /* forecast.json in Resources */,
				4A8B235E1D44807E00ACBAA8 /* forecast_no_optionals.json in Resources */,
			);
			runOnlyForDeploymentPostprocessing = 0;
		};
		ACCA54BE018BD7A524B6302832EC974D /* Resources */ = {
			isa = PBXResourcesBuildPhase;
			buildActionMask = 2147483647;
			files = (
			);
			runOnlyForDeploymentPostprocessing = 0;
		};
		D4446E6E1C51538000FBC8A8 /* Resources */ = {
			isa = PBXResourcesBuildPhase;
			buildActionMask = 2147483647;
			files = (
			);
			runOnlyForDeploymentPostprocessing = 0;
		};
		D4446E771C51538000FBC8A8 /* Resources */ = {
			isa = PBXResourcesBuildPhase;
			buildActionMask = 2147483647;
			files = (
				D4D9F2B71C54061600A4A02F /* forecast.json in Resources */,
				4A3364691CD9712000775650 /* forecast_no_optionals.json in Resources */,
				4A14A6F51CDAA80F00D4C108 /* forecast_bare.json in Resources */,
			);
			runOnlyForDeploymentPostprocessing = 0;
		};
		D4A480731C507CE70053EB05 /* Resources */ = {
			isa = PBXResourcesBuildPhase;
			buildActionMask = 2147483647;
			files = (
			);
			runOnlyForDeploymentPostprocessing = 0;
		};
		D4A4808C1C507D730053EB05 /* Resources */ = {
			isa = PBXResourcesBuildPhase;
			buildActionMask = 2147483647;
			files = (
			);
			runOnlyForDeploymentPostprocessing = 0;
		};
		D4DE2AD01C513EA00063A7CA /* Resources */ = {
			isa = PBXResourcesBuildPhase;
			buildActionMask = 2147483647;
			files = (
				D4D9F2B61C54061600A4A02F /* forecast.json in Resources */,
				4A3364681CD9712000775650 /* forecast_no_optionals.json in Resources */,
				4A14A6F41CDAA80E00D4C108 /* forecast_bare.json in Resources */,
			);
			runOnlyForDeploymentPostprocessing = 0;
		};
/* End PBXResourcesBuildPhase section */

/* Begin PBXShellScriptBuildPhase section */
		0629B69C90A8CFDD149F1F26 /* [CP] Check Pods Manifest.lock */ = {
			isa = PBXShellScriptBuildPhase;
			buildActionMask = 2147483647;
			files = (
			);
			inputPaths = (
			);
			name = "[CP] Check Pods Manifest.lock";
			outputPaths = (
			);
			runOnlyForDeploymentPostprocessing = 0;
			shellPath = /bin/sh;
			shellScript = "diff \"${PODS_ROOT}/../Podfile.lock\" \"${PODS_ROOT}/Manifest.lock\" > /dev/null\nif [[ $? != 0 ]] ; then\n    cat << EOM\nerror: The sandbox is not in sync with the Podfile.lock. Run 'pod install' or update your CocoaPods installation.\nEOM\n    exit 1\nfi\n";
			showEnvVarsInLog = 0;
		};
		1D371CDD30534294D1EBE02E /* [CP] Embed Pods Frameworks */ = {
			isa = PBXShellScriptBuildPhase;
			buildActionMask = 2147483647;
			files = (
			);
			inputPaths = (
			);
			name = "[CP] Embed Pods Frameworks";
			outputPaths = (
			);
			runOnlyForDeploymentPostprocessing = 0;
			shellPath = /bin/sh;
			shellScript = "\"${SRCROOT}/Pods/Target Support Files/Pods-ForecastIO tvOS Tests/Pods-ForecastIO tvOS Tests-frameworks.sh\"\n";
			showEnvVarsInLog = 0;
		};
		2E631B9627D742CB6C5D14DF /* [CP] Check Pods Manifest.lock */ = {
			isa = PBXShellScriptBuildPhase;
			buildActionMask = 2147483647;
			files = (
			);
			inputPaths = (
			);
			name = "[CP] Check Pods Manifest.lock";
			outputPaths = (
			);
			runOnlyForDeploymentPostprocessing = 0;
			shellPath = /bin/sh;
			shellScript = "diff \"${PODS_ROOT}/../Podfile.lock\" \"${PODS_ROOT}/Manifest.lock\" > /dev/null\nif [[ $? != 0 ]] ; then\n    cat << EOM\nerror: The sandbox is not in sync with the Podfile.lock. Run 'pod install' or update your CocoaPods installation.\nEOM\n    exit 1\nfi\n";
			showEnvVarsInLog = 0;
		};
		35F7B939CCAA58C116AAAAA7 /* [CP] Check Pods Manifest.lock */ = {
			isa = PBXShellScriptBuildPhase;
			buildActionMask = 2147483647;
			files = (
			);
			inputPaths = (
			);
			name = "[CP] Check Pods Manifest.lock";
			outputPaths = (
			);
			runOnlyForDeploymentPostprocessing = 0;
			shellPath = /bin/sh;
			shellScript = "diff \"${PODS_ROOT}/../Podfile.lock\" \"${PODS_ROOT}/Manifest.lock\" > /dev/null\nif [[ $? != 0 ]] ; then\n    cat << EOM\nerror: The sandbox is not in sync with the Podfile.lock. Run 'pod install' or update your CocoaPods installation.\nEOM\n    exit 1\nfi\n";
			showEnvVarsInLog = 0;
		};
		4A61E8DC1D4485FC000DDEC6 /* [CP] Embed Pods Frameworks */ = {
			isa = PBXShellScriptBuildPhase;
			buildActionMask = 2147483647;
			files = (
			);
			inputPaths = (
			);
			name = "[CP] Embed Pods Frameworks";
			outputPaths = (
			);
			runOnlyForDeploymentPostprocessing = 0;
			shellPath = /bin/sh;
			shellScript = "\"${SRCROOT}/Pods/Target Support Files/Pods-ForecastIO iOS Tests/Pods-ForecastIO iOS Tests-frameworks.sh\"\n";
		};
		541F5CEF4E1B0E11E15245AE /* 📦 Embed Pods Frameworks */ = {
			isa = PBXShellScriptBuildPhase;
			buildActionMask = 2147483647;
			files = (
			);
			inputPaths = (
			);
			name = "📦 Embed Pods Frameworks";
			outputPaths = (
			);
			runOnlyForDeploymentPostprocessing = 0;
			shellPath = /bin/sh;
			shellScript = "\"${SRCROOT}/Pods/Target Support Files/Pods-ForecastIO macOS Tests/Pods-ForecastIO macOS Tests-frameworks.sh\"\n";
			showEnvVarsInLog = 0;
		};
		5811BA940A14FA33465C6473 /* [CP] Check Pods Manifest.lock */ = {
			isa = PBXShellScriptBuildPhase;
			buildActionMask = 2147483647;
			files = (
			);
			inputPaths = (
			);
			name = "[CP] Check Pods Manifest.lock";
			outputPaths = (
			);
			runOnlyForDeploymentPostprocessing = 0;
			shellPath = /bin/sh;
			shellScript = "diff \"${PODS_ROOT}/../Podfile.lock\" \"${PODS_ROOT}/Manifest.lock\" > /dev/null\nif [[ $? != 0 ]] ; then\n    cat << EOM\nerror: The sandbox is not in sync with the Podfile.lock. Run 'pod install' or update your CocoaPods installation.\nEOM\n    exit 1\nfi\n";
			showEnvVarsInLog = 0;
		};
		6206FF6BF0A4AEA3C3961B22 /* [CP] Copy Pods Resources */ = {
			isa = PBXShellScriptBuildPhase;
			buildActionMask = 2147483647;
			files = (
			);
			inputPaths = (
			);
			name = "[CP] Copy Pods Resources";
			outputPaths = (
			);
			runOnlyForDeploymentPostprocessing = 0;
			shellPath = /bin/sh;
			shellScript = "\"${SRCROOT}/Pods/Target Support Files/Pods-ForecastIO macOS Tests/Pods-ForecastIO macOS Tests-resources.sh\"\n";
			showEnvVarsInLog = 0;
		};
		6454F655B03EA5266A4E7163 /* [CP] Check Pods Manifest.lock */ = {
			isa = PBXShellScriptBuildPhase;
			buildActionMask = 2147483647;
			files = (
			);
			inputPaths = (
			);
			name = "[CP] Check Pods Manifest.lock";
			outputPaths = (
			);
			runOnlyForDeploymentPostprocessing = 0;
			shellPath = /bin/sh;
			shellScript = "diff \"${PODS_ROOT}/../Podfile.lock\" \"${PODS_ROOT}/Manifest.lock\" > /dev/null\nif [[ $? != 0 ]] ; then\n    cat << EOM\nerror: The sandbox is not in sync with the Podfile.lock. Run 'pod install' or update your CocoaPods installation.\nEOM\n    exit 1\nfi\n";
			showEnvVarsInLog = 0;
		};
		697836CFFDC66359DEF71664 /* 📦 Copy Pods Resources */ = {
			isa = PBXShellScriptBuildPhase;
			buildActionMask = 2147483647;
			files = (
			);
			inputPaths = (
			);
			name = "📦 Copy Pods Resources";
			outputPaths = (
			);
			runOnlyForDeploymentPostprocessing = 0;
			shellPath = /bin/sh;
			shellScript = "\"${SRCROOT}/Pods/Target Support Files/Pods-ForecastIO iOS Tests/Pods-ForecastIO iOS Tests-resources.sh\"\n";
			showEnvVarsInLog = 0;
		};
		A51261E0D39E71E840F0BE03 /* [CP] Copy Pods Resources */ = {
			isa = PBXShellScriptBuildPhase;
			buildActionMask = 2147483647;
			files = (
			);
			inputPaths = (
			);
			name = "[CP] Copy Pods Resources";
			outputPaths = (
			);
			runOnlyForDeploymentPostprocessing = 0;
			shellPath = /bin/sh;
			shellScript = "\"${SRCROOT}/Pods/Target Support Files/Pods-ForecastIO tvOS Tests/Pods-ForecastIO tvOS Tests-resources.sh\"\n";
			showEnvVarsInLog = 0;
		};
		A78386AA9D119F648E9AA85D /* [CP] Copy Pods Resources */ = {
			isa = PBXShellScriptBuildPhase;
			buildActionMask = 2147483647;
			files = (
			);
			inputPaths = (
			);
			name = "[CP] Copy Pods Resources";
			outputPaths = (
			);
			runOnlyForDeploymentPostprocessing = 0;
			shellPath = /bin/sh;
			shellScript = "\"${SRCROOT}/Pods/Target Support Files/Pods-ForecastIO iOS Tests/Pods-ForecastIO iOS Tests-resources.sh\"\n";
			showEnvVarsInLog = 0;
		};
		BFF18696856C11A277937E9B /* 📦 Embed Pods Frameworks */ = {
			isa = PBXShellScriptBuildPhase;
			buildActionMask = 2147483647;
			files = (
			);
			inputPaths = (
			);
			name = "📦 Embed Pods Frameworks";
			outputPaths = (
			);
			runOnlyForDeploymentPostprocessing = 0;
			shellPath = /bin/sh;
			shellScript = "\"${SRCROOT}/Pods/Target Support Files/Pods-ForecastIO iOS Tests/Pods-ForecastIO iOS Tests-frameworks.sh\"\n";
			showEnvVarsInLog = 0;
		};
		D36BCE5504D10B4402A89526 /* 📦 Copy Pods Resources */ = {
			isa = PBXShellScriptBuildPhase;
			buildActionMask = 2147483647;
			files = (
			);
			inputPaths = (
			);
			name = "📦 Copy Pods Resources";
			outputPaths = (
			);
			runOnlyForDeploymentPostprocessing = 0;
			shellPath = /bin/sh;
			shellScript = "\"${SRCROOT}/Pods/Target Support Files/Pods-ForecastIO macOS Tests/Pods-ForecastIO macOS Tests-resources.sh\"\n";
			showEnvVarsInLog = 0;
		};
		D567B01DC0F135735DE83125 /* [CP] Embed Pods Frameworks */ = {
			isa = PBXShellScriptBuildPhase;
			buildActionMask = 2147483647;
			files = (
			);
			inputPaths = (
			);
			name = "[CP] Embed Pods Frameworks";
			outputPaths = (
			);
			runOnlyForDeploymentPostprocessing = 0;
			shellPath = /bin/sh;
			shellScript = "\"${SRCROOT}/Pods/Target Support Files/Pods-ForecastIO macOS Tests/Pods-ForecastIO macOS Tests-frameworks.sh\"\n";
			showEnvVarsInLog = 0;
		};
		D77866CE3775D48775A3F8B1 /* [CP] Check Pods Manifest.lock */ = {
			isa = PBXShellScriptBuildPhase;
			buildActionMask = 2147483647;
			files = (
			);
			inputPaths = (
			);
			name = "[CP] Check Pods Manifest.lock";
			outputPaths = (
			);
			runOnlyForDeploymentPostprocessing = 0;
			shellPath = /bin/sh;
			shellScript = "diff \"${PODS_ROOT}/../Podfile.lock\" \"${PODS_ROOT}/Manifest.lock\" > /dev/null\nif [[ $? != 0 ]] ; then\n    cat << EOM\nerror: The sandbox is not in sync with the Podfile.lock. Run 'pod install' or update your CocoaPods installation.\nEOM\n    exit 1\nfi\n";
			showEnvVarsInLog = 0;
		};
		DE93023B7A6C2E5C9BEBC0B3 /* 📦 Embed Pods Frameworks */ = {
			isa = PBXShellScriptBuildPhase;
			buildActionMask = 2147483647;
			files = (
			);
			inputPaths = (
			);
			name = "📦 Embed Pods Frameworks";
			outputPaths = (
			);
			runOnlyForDeploymentPostprocessing = 0;
			shellPath = /bin/sh;
			shellScript = "\"${SRCROOT}/Pods/Target Support Files/Pods-ForecastIO tvOS Tests/Pods-ForecastIO tvOS Tests-frameworks.sh\"\n";
			showEnvVarsInLog = 0;
		};
		ECB5FEA436EB1E973A7FAE01 /* 📦 Copy Pods Resources */ = {
			isa = PBXShellScriptBuildPhase;
			buildActionMask = 2147483647;
			files = (
			);
			inputPaths = (
			);
			name = "📦 Copy Pods Resources";
			outputPaths = (
			);
			runOnlyForDeploymentPostprocessing = 0;
			shellPath = /bin/sh;
			shellScript = "\"${SRCROOT}/Pods/Target Support Files/Pods-ForecastIO tvOS Tests/Pods-ForecastIO tvOS Tests-resources.sh\"\n";
			showEnvVarsInLog = 0;
		};
/* End PBXShellScriptBuildPhase section */

/* Begin PBXSourcesBuildPhase section */
		4A8B234D1D447FB300ACBAA8 /* Sources */ = {
			isa = PBXSourcesBuildPhase;
			buildActionMask = 2147483647;
			files = (
				4AA3256E1D615F03003CFFA9 /* DataBlockTests.swift in Sources */,
				4AA3256F1D615F03003CFFA9 /* DataPointTests.swift in Sources */,
				4AA325701D615F03003CFFA9 /* FlagTests.swift in Sources */,
				4AA325711D615F03003CFFA9 /* ForecastTests.swift in Sources */,
				4AA325731D615F03003CFFA9 /* IconTests.swift in Sources */,
				4AA325741D615F03003CFFA9 /* LanguageTests.swift in Sources */,
				4AA325751D615F03003CFFA9 /* PrecipitationTests.swift in Sources */,
				4AA325761D615F03003CFFA9 /* UnitsTest.swift in Sources */,
				4A10DB721D45103900E304C5 /* AlertTests.swift in Sources */,
				4A10DB731D45103900E304C5 /* APIClientTests.swift in Sources */,
			);
			runOnlyForDeploymentPostprocessing = 0;
		};
		D4446E6B1C51538000FBC8A8 /* Sources */ = {
			isa = PBXSourcesBuildPhase;
			buildActionMask = 2147483647;
			files = (
				D4564FC41C53F52000CB7548 /* Alert.swift in Sources */,
				D4564FFC1C53F52000CB7548 /* Precipitation.swift in Sources */,
				D4564FD21C53F52000CB7548 /* DataBlock.swift in Sources */,
				D4564FEE1C53F52000CB7548 /* Icon.swift in Sources */,
				D4564FE01C53F52000CB7548 /* Flag.swift in Sources */,
				4A61CCB91D98A3C400BF9F5A /* Field.swift in Sources */,
				D4564FD91C53F52000CB7548 /* DataPoint.swift in Sources */,
				D4564FE71C53F52000CB7548 /* Forecast.swift in Sources */,
				4A468FF71D9A0AAF00B2C0D2 /* ForecastIOError.swift in Sources */,
				4A56CEC61D447F4A00751AF6 /* Language.swift in Sources */,
				4AF007161D98BC5000209184 /* Result.swift in Sources */,
				D45650031C53F52100CB7548 /* Units.swift in Sources */,
				D4564FCB1C53F52000CB7548 /* APIClient.swift in Sources */,
			);
			runOnlyForDeploymentPostprocessing = 0;
		};
		D4446E751C51538000FBC8A8 /* Sources */ = {
			isa = PBXSourcesBuildPhase;
			buildActionMask = 2147483647;
			files = (
				4A10DB641D45103700E304C5 /* DataBlockTests.swift in Sources */,
				4A10DB621D45103700E304C5 /* AlertTests.swift in Sources */,
				4A10DB661D45103700E304C5 /* FlagTests.swift in Sources */,
				4A10DB651D45103700E304C5 /* DataPointTests.swift in Sources */,
				4AB708731D45246C005D1E8E /* IconTests.swift in Sources */,
				4AB7086F1D45230F005D1E8E /* LanguageTests.swift in Sources */,
				4A10DB671D45103700E304C5 /* ForecastTests.swift in Sources */,
				4A10DB691D45103700E304C5 /* UnitsTest.swift in Sources */,
				4AB708771D452539005D1E8E /* PrecipitationTests.swift in Sources */,
				4A10DB631D45103700E304C5 /* APIClientTests.swift in Sources */,
			);
			runOnlyForDeploymentPostprocessing = 0;
		};
		D4A480671C507CE70053EB05 /* Sources */ = {
			isa = PBXSourcesBuildPhase;
			buildActionMask = 2147483647;
			files = (
				D4564FC61C53F52000CB7548 /* Alert.swift in Sources */,
				D4564FFE1C53F52000CB7548 /* Precipitation.swift in Sources */,
				D4564FD41C53F52000CB7548 /* DataBlock.swift in Sources */,
				D4564FF01C53F52000CB7548 /* Icon.swift in Sources */,
				D4564FE21C53F52000CB7548 /* Flag.swift in Sources */,
				4A61CCBA1D98A3C800BF9F5A /* Field.swift in Sources */,
				D4564FDB1C53F52000CB7548 /* DataPoint.swift in Sources */,
				D4564FE91C53F52000CB7548 /* Forecast.swift in Sources */,
				4A468FF81D9A0ABB00B2C0D2 /* ForecastIOError.swift in Sources */,
				4A56CEC71D447F4B00751AF6 /* Language.swift in Sources */,
				4AF007171D98BC5700209184 /* Result.swift in Sources */,
				D45650051C53F52100CB7548 /* Units.swift in Sources */,
				D4564FCD1C53F52000CB7548 /* APIClient.swift in Sources */,
			);
			runOnlyForDeploymentPostprocessing = 0;
		};
		D4A480801C507D730053EB05 /* Sources */ = {
			isa = PBXSourcesBuildPhase;
			buildActionMask = 2147483647;
			files = (
				D4564FC21C53F52000CB7548 /* Alert.swift in Sources */,
				D4564FFA1C53F52000CB7548 /* Precipitation.swift in Sources */,
				D4564FD01C53F52000CB7548 /* DataBlock.swift in Sources */,
				D4564FEC1C53F52000CB7548 /* Icon.swift in Sources */,
				D4564FDE1C53F52000CB7548 /* Flag.swift in Sources */,
				4A61CCB81D98A3C000BF9F5A /* Field.swift in Sources */,
				D4564FD71C53F52000CB7548 /* DataPoint.swift in Sources */,
				D4564FE51C53F52000CB7548 /* Forecast.swift in Sources */,
				4A468FF61D9A0AAF00B2C0D2 /* ForecastIOError.swift in Sources */,
				4A56CEC51D447F4900751AF6 /* Language.swift in Sources */,
				4AF007151D98BC4D00209184 /* Result.swift in Sources */,
				D45650011C53F52000CB7548 /* Units.swift in Sources */,
				D4564FC91C53F52000CB7548 /* APIClient.swift in Sources */,
			);
			runOnlyForDeploymentPostprocessing = 0;
		};
		D4DE2ACC1C513EA00063A7CA /* Sources */ = {
			isa = PBXSourcesBuildPhase;
			buildActionMask = 2147483647;
			files = (
				4A10DB6C1D45103800E304C5 /* DataBlockTests.swift in Sources */,
				4A10DB6A1D45103800E304C5 /* AlertTests.swift in Sources */,
				4A10DB6E1D45103800E304C5 /* FlagTests.swift in Sources */,
				4A10DB6D1D45103800E304C5 /* DataPointTests.swift in Sources */,
				4AB708721D45246C005D1E8E /* IconTests.swift in Sources */,
				4AB7086E1D45230F005D1E8E /* LanguageTests.swift in Sources */,
				4A10DB6F1D45103800E304C5 /* ForecastTests.swift in Sources */,
				4A10DB711D45103800E304C5 /* UnitsTest.swift in Sources */,
				4AB708761D452539005D1E8E /* PrecipitationTests.swift in Sources */,
				4A10DB6B1D45103800E304C5 /* APIClientTests.swift in Sources */,
			);
			runOnlyForDeploymentPostprocessing = 0;
		};
		DA287403977D57EABDEA8EA6959AD5D1 /* Sources */ = {
			isa = PBXSourcesBuildPhase;
			buildActionMask = 2147483647;
			files = (
				4A56CEB31D447BD000751AF6 /* Alert.swift in Sources */,
				4A56CEB41D447BD000751AF6 /* APIClient.swift in Sources */,
				4A56CEB51D447BD000751AF6 /* DataBlock.swift in Sources */,
				4A56CEB61D447BD000751AF6 /* DataPoint.swift in Sources */,
				4A56CEB71D447BD000751AF6 /* Flag.swift in Sources */,
				4A56CEB81D447BD000751AF6 /* Forecast.swift in Sources */,
				4A61CCB71D98A27200BF9F5A /* Field.swift in Sources */,
				4A56CEB91D447BD000751AF6 /* Icon.swift in Sources */,
				4A56CEBA1D447BD000751AF6 /* Precipitation.swift in Sources */,
				4A468FF51D9A0AAF00B2C0D2 /* ForecastIOError.swift in Sources */,
				4A10DB7B1D4510A900E304C5 /* Language.swift in Sources */,
				4A7AFEA41D98B9BA00568802 /* Result.swift in Sources */,
				4A56CEBD1D447BD000751AF6 /* Units.swift in Sources */,
			);
			runOnlyForDeploymentPostprocessing = 0;
		};
/* End PBXSourcesBuildPhase section */

/* Begin PBXTargetDependency section */
		4A8B23581D447FB300ACBAA8 /* PBXTargetDependency */ = {
			isa = PBXTargetDependency;
			target = 39ED6CDC99672303F992B722C0ABD571 /* ForecastIO iOS */;
			targetProxy = 4A8B23571D447FB300ACBAA8 /* PBXContainerItemProxy */;
		};
		D474A13D1C553F730094BBFE /* PBXTargetDependency */ = {
			isa = PBXTargetDependency;
			target = D4446E6F1C51538000FBC8A8 /* ForecastIO macOS */;
			targetProxy = D474A13C1C553F730094BBFE /* PBXContainerItemProxy */;
		};
		D474A13F1C553F8F0094BBFE /* PBXTargetDependency */ = {
			isa = PBXTargetDependency;
			target = D4A4807D1C507D730053EB05 /* ForecastIO tvOS */;
			targetProxy = D474A13E1C553F8F0094BBFE /* PBXContainerItemProxy */;
		};
/* End PBXTargetDependency section */

/* Begin XCBuildConfiguration section */
		00D7EA52FE21C9939012A94A39080C6A /* Release */ = {
			isa = XCBuildConfiguration;
			buildSettings = {
				CLANG_ENABLE_MODULES = YES;
				"CODE_SIGN_IDENTITY[sdk=iphoneos*]" = "";
				CURRENT_PROJECT_VERSION = 1;
				DEFINES_MODULE = YES;
				DEVELOPMENT_TEAM = 76333YNXLE;
				DYLIB_COMPATIBILITY_VERSION = 1;
				DYLIB_CURRENT_VERSION = 1;
				DYLIB_INSTALL_NAME_BASE = "@rpath";
				ENABLE_STRICT_OBJC_MSGSEND = YES;
				GCC_PREFIX_HEADER = "Example/Pods/Target Support Files/ForecastIO/ForecastIO-prefix.pch";
				INFOPLIST_FILE = Source/Info.plist;
				INSTALL_PATH = "$(LOCAL_LIBRARY_DIR)/Frameworks";
				IPHONEOS_DEPLOYMENT_TARGET = 8.0;
				LD_RUNPATH_SEARCH_PATHS = "$(inherited) @executable_path/Frameworks @loader_path/Frameworks";
				MODULEMAP_FILE = "";
				MTL_ENABLE_DEBUG_INFO = NO;
				PRODUCT_BUNDLE_IDENTIFIER = io.Satyam.ForecastIO;
				PRODUCT_NAME = ForecastIO;
				SDKROOT = iphoneos;
				SKIP_INSTALL = YES;
				SUPPORTED_PLATFORMS = "iphonesimulator iphoneos";
				SWIFT_OPTIMIZATION_LEVEL = "-Owholemodule";
				SWIFT_VERSION = 3.0;
				TARGETED_DEVICE_FAMILY = "1,2";
				TVOS_DEPLOYMENT_TARGET = 9.0;
				VERSIONING_SYSTEM = "apple-generic";
				VERSION_INFO_PREFIX = "";
				WATCHOS_DEPLOYMENT_TARGET = 2.0;
			};
			name = Release;
		};
		10DE1947DAC0ED28F6C0A9F9BD75D546 /* Release */ = {
			isa = XCBuildConfiguration;
			buildSettings = {
				ALWAYS_SEARCH_USER_PATHS = NO;
				CLANG_CXX_LANGUAGE_STANDARD = "gnu++0x";
				CLANG_CXX_LIBRARY = "libc++";
				CLANG_ENABLE_MODULES = YES;
				CLANG_ENABLE_OBJC_ARC = YES;
				CLANG_WARN_BOOL_CONVERSION = YES;
				CLANG_WARN_CONSTANT_CONVERSION = YES;
				CLANG_WARN_DIRECT_OBJC_ISA_USAGE = YES;
				CLANG_WARN_EMPTY_BODY = YES;
				CLANG_WARN_ENUM_CONVERSION = YES;
				CLANG_WARN_INFINITE_RECURSION = YES;
				CLANG_WARN_INT_CONVERSION = YES;
				CLANG_WARN_OBJC_ROOT_CLASS = YES;
				CLANG_WARN_SUSPICIOUS_MOVE = YES;
				CLANG_WARN_UNREACHABLE_CODE = YES;
				CLANG_WARN__DUPLICATE_METHOD_MATCH = YES;
				COPY_PHASE_STRIP = YES;
				ENABLE_NS_ASSERTIONS = NO;
				ENABLE_STRICT_OBJC_MSGSEND = YES;
				ENABLE_TESTABILITY = YES;
				GCC_C_LANGUAGE_STANDARD = gnu99;
				GCC_NO_COMMON_BLOCKS = YES;
				GCC_PREPROCESSOR_DEFINITIONS = "RELEASE=1";
				GCC_WARN_64_TO_32_BIT_CONVERSION = YES;
				GCC_WARN_ABOUT_RETURN_TYPE = YES;
				GCC_WARN_UNDECLARED_SELECTOR = YES;
				GCC_WARN_UNINITIALIZED_AUTOS = YES;
				GCC_WARN_UNUSED_FUNCTION = YES;
				GCC_WARN_UNUSED_VARIABLE = YES;
				IPHONEOS_DEPLOYMENT_TARGET = 8.0;
				MACOSX_DEPLOYMENT_TARGET = 10.10;
				STRIP_INSTALLED_PRODUCT = NO;
				SYMROOT = "${SRCROOT}/../build";
				TVOS_DEPLOYMENT_TARGET = 9.0;
				VALIDATE_PRODUCT = YES;
				WATCHOS_DEPLOYMENT_TARGET = 2.0;
			};
			name = Release;
		};
		2A2767FDBC38C8A994A3F3791D4B7A52 /* Debug */ = {
			isa = XCBuildConfiguration;
			buildSettings = {
				CLANG_ENABLE_MODULES = YES;
				"CODE_SIGN_IDENTITY[sdk=iphoneos*]" = "";
				CURRENT_PROJECT_VERSION = 1;
				DEFINES_MODULE = YES;
				DEVELOPMENT_TEAM = "";
				DYLIB_COMPATIBILITY_VERSION = 1;
				DYLIB_CURRENT_VERSION = 1;
				DYLIB_INSTALL_NAME_BASE = "@rpath";
				ENABLE_STRICT_OBJC_MSGSEND = YES;
				GCC_PREFIX_HEADER = "Example/Pods/Target Support Files/ForecastIO/ForecastIO-prefix.pch";
				INFOPLIST_FILE = Source/Info.plist;
				INSTALL_PATH = "$(LOCAL_LIBRARY_DIR)/Frameworks";
				IPHONEOS_DEPLOYMENT_TARGET = 8.0;
				LD_RUNPATH_SEARCH_PATHS = "$(inherited) @executable_path/Frameworks @loader_path/Frameworks";
				MODULEMAP_FILE = "";
				MTL_ENABLE_DEBUG_INFO = YES;
				PRODUCT_BUNDLE_IDENTIFIER = io.Satyam.ForecastIO;
				PRODUCT_NAME = ForecastIO;
				SDKROOT = iphoneos;
				SKIP_INSTALL = YES;
				SUPPORTED_PLATFORMS = "iphonesimulator iphoneos";
				SWIFT_OPTIMIZATION_LEVEL = "-Onone";
				SWIFT_VERSION = 3.0;
				TARGETED_DEVICE_FAMILY = "1,2";
				TVOS_DEPLOYMENT_TARGET = 9.0;
				VERSIONING_SYSTEM = "apple-generic";
				VERSION_INFO_PREFIX = "";
				WATCHOS_DEPLOYMENT_TARGET = 2.0;
			};
			name = Debug;
		};
		4A8B235A1D447FB300ACBAA8 /* Debug */ = {
			isa = XCBuildConfiguration;
			baseConfigurationReference = AA68478095963C4BF1141CF2 /* Pods-ForecastIO iOS Tests.debug.xcconfig */;
			buildSettings = {
				ALWAYS_EMBED_SWIFT_STANDARD_LIBRARIES = YES;
				CLANG_ANALYZER_NONNULL = YES;
				CLANG_WARN_DIRECT_OBJC_ISA_USAGE = YES_ERROR;
				CLANG_WARN_OBJC_ROOT_CLASS = YES_ERROR;
				"CODE_SIGN_IDENTITY[sdk=iphoneos*]" = "iPhone Developer";
				DEBUG_INFORMATION_FORMAT = dwarf;
				DEVELOPMENT_TEAM = 76333YNXLE;
				ENABLE_STRICT_OBJC_MSGSEND = YES;
				GCC_NO_COMMON_BLOCKS = YES;
				GCC_WARN_ABOUT_RETURN_TYPE = YES_ERROR;
				GCC_WARN_UNINITIALIZED_AUTOS = YES_AGGRESSIVE;
				INFOPLIST_FILE = Tests/Info.plist;
				IPHONEOS_DEPLOYMENT_TARGET = 9.3;
				LD_RUNPATH_SEARCH_PATHS = "$(inherited) @executable_path/Frameworks @loader_path/Frameworks";
				MTL_ENABLE_DEBUG_INFO = YES;
				PRODUCT_BUNDLE_IDENTIFIER = "io.Satyam.ForecastIO-iOS-Tests";
				PRODUCT_NAME = "$(TARGET_NAME)";
				SDKROOT = iphoneos;
				SWIFT_OPTIMIZATION_LEVEL = "-Onone";
				SWIFT_VERSION = 3.0;
			};
			name = Debug;
		};
		4A8B235B1D447FB300ACBAA8 /* Release */ = {
			isa = XCBuildConfiguration;
			baseConfigurationReference = BC556936E1D2FA0BE77EF0D4 /* Pods-ForecastIO iOS Tests.release.xcconfig */;
			buildSettings = {
				ALWAYS_EMBED_SWIFT_STANDARD_LIBRARIES = YES;
				CLANG_ANALYZER_NONNULL = YES;
				CLANG_WARN_DIRECT_OBJC_ISA_USAGE = YES_ERROR;
				CLANG_WARN_OBJC_ROOT_CLASS = YES_ERROR;
				"CODE_SIGN_IDENTITY[sdk=iphoneos*]" = "iPhone Developer";
				COPY_PHASE_STRIP = NO;
				DEBUG_INFORMATION_FORMAT = "dwarf-with-dsym";
				DEVELOPMENT_TEAM = 76333YNXLE;
				ENABLE_STRICT_OBJC_MSGSEND = YES;
				GCC_NO_COMMON_BLOCKS = YES;
				GCC_WARN_ABOUT_RETURN_TYPE = YES_ERROR;
				GCC_WARN_UNINITIALIZED_AUTOS = YES_AGGRESSIVE;
				INFOPLIST_FILE = Tests/Info.plist;
				IPHONEOS_DEPLOYMENT_TARGET = 9.3;
				LD_RUNPATH_SEARCH_PATHS = "$(inherited) @executable_path/Frameworks @loader_path/Frameworks";
				MTL_ENABLE_DEBUG_INFO = NO;
				PRODUCT_BUNDLE_IDENTIFIER = "io.Satyam.ForecastIO-iOS-Tests";
				PRODUCT_NAME = "$(TARGET_NAME)";
				SDKROOT = iphoneos;
				SWIFT_OPTIMIZATION_LEVEL = "-Owholemodule";
				SWIFT_VERSION = 3.0;
			};
			name = Release;
		};
		552D02D5BA751AC2E8790D2811D496CA /* Debug */ = {
			isa = XCBuildConfiguration;
			buildSettings = {
				ALWAYS_SEARCH_USER_PATHS = NO;
				CLANG_CXX_LANGUAGE_STANDARD = "gnu++0x";
				CLANG_CXX_LIBRARY = "libc++";
				CLANG_ENABLE_MODULES = YES;
				CLANG_ENABLE_OBJC_ARC = YES;
				CLANG_WARN_BOOL_CONVERSION = YES;
				CLANG_WARN_CONSTANT_CONVERSION = YES;
				CLANG_WARN_DIRECT_OBJC_ISA_USAGE = YES;
				CLANG_WARN_EMPTY_BODY = YES;
				CLANG_WARN_ENUM_CONVERSION = YES;
				CLANG_WARN_INFINITE_RECURSION = YES;
				CLANG_WARN_INT_CONVERSION = YES;
				CLANG_WARN_OBJC_ROOT_CLASS = YES;
				CLANG_WARN_SUSPICIOUS_MOVE = YES;
				CLANG_WARN_UNREACHABLE_CODE = YES;
				CLANG_WARN__DUPLICATE_METHOD_MATCH = YES;
				COPY_PHASE_STRIP = NO;
				ENABLE_STRICT_OBJC_MSGSEND = YES;
				ENABLE_TESTABILITY = YES;
				GCC_C_LANGUAGE_STANDARD = gnu99;
				GCC_DYNAMIC_NO_PIC = NO;
				GCC_NO_COMMON_BLOCKS = YES;
				GCC_OPTIMIZATION_LEVEL = 0;
				GCC_PREPROCESSOR_DEFINITIONS = (
					"DEBUG=1",
					"$(inherited)",
				);
				GCC_SYMBOLS_PRIVATE_EXTERN = NO;
				GCC_WARN_64_TO_32_BIT_CONVERSION = YES;
				GCC_WARN_ABOUT_RETURN_TYPE = YES;
				GCC_WARN_UNDECLARED_SELECTOR = YES;
				GCC_WARN_UNINITIALIZED_AUTOS = YES;
				GCC_WARN_UNUSED_FUNCTION = YES;
				GCC_WARN_UNUSED_VARIABLE = YES;
				IPHONEOS_DEPLOYMENT_TARGET = 8.0;
				MACOSX_DEPLOYMENT_TARGET = 10.10;
				ONLY_ACTIVE_ARCH = YES;
				STRIP_INSTALLED_PRODUCT = NO;
				SYMROOT = "${SRCROOT}/../build";
				TVOS_DEPLOYMENT_TARGET = 9.0;
				WATCHOS_DEPLOYMENT_TARGET = 2.0;
			};
			name = Debug;
		};
		D4446E811C51538000FBC8A8 /* Debug */ = {
			isa = XCBuildConfiguration;
			buildSettings = {
				CLANG_ENABLE_MODULES = YES;
				CLANG_WARN_DIRECT_OBJC_ISA_USAGE = YES_ERROR;
				CLANG_WARN_OBJC_ROOT_CLASS = YES_ERROR;
				CODE_SIGN_IDENTITY = "";
				COMBINE_HIDPI_IMAGES = YES;
				CURRENT_PROJECT_VERSION = 1;
				DEBUG_INFORMATION_FORMAT = dwarf;
				DEFINES_MODULE = YES;
				DEVELOPMENT_TEAM = "";
				DYLIB_COMPATIBILITY_VERSION = 1;
				DYLIB_CURRENT_VERSION = 1;
				DYLIB_INSTALL_NAME_BASE = "@rpath";
				ENABLE_STRICT_OBJC_MSGSEND = YES;
				FRAMEWORK_VERSION = A;
				GCC_NO_COMMON_BLOCKS = YES;
				GCC_WARN_ABOUT_RETURN_TYPE = YES_ERROR;
				GCC_WARN_UNINITIALIZED_AUTOS = YES_AGGRESSIVE;
				INFOPLIST_FILE = Source/Info.plist;
				INFOPLIST_OUTPUT_FORMAT = binary;
				INSTALL_PATH = "$(LOCAL_LIBRARY_DIR)/Frameworks";
				LD_RUNPATH_SEARCH_PATHS = "$(inherited) @executable_path/../Frameworks @loader_path/Frameworks";
				MACOSX_DEPLOYMENT_TARGET = 10.10;
				MTL_ENABLE_DEBUG_INFO = YES;
				PRODUCT_BUNDLE_IDENTIFIER = io.Satyam.ForecastIO;
				PRODUCT_NAME = ForecastIO;
				SDKROOT = macosx;
				SKIP_INSTALL = YES;
				SWIFT_OPTIMIZATION_LEVEL = "-Onone";
				SWIFT_VERSION = 3.0;
				VERSIONING_SYSTEM = "apple-generic";
				VERSION_INFO_PREFIX = "";
			};
			name = Debug;
		};
		D4446E821C51538000FBC8A8 /* Release */ = {
			isa = XCBuildConfiguration;
			buildSettings = {
				CLANG_ENABLE_MODULES = YES;
				CLANG_WARN_DIRECT_OBJC_ISA_USAGE = YES_ERROR;
				CLANG_WARN_OBJC_ROOT_CLASS = YES_ERROR;
				CODE_SIGN_IDENTITY = "";
				COMBINE_HIDPI_IMAGES = YES;
				COPY_PHASE_STRIP = NO;
				CURRENT_PROJECT_VERSION = 1;
				DEBUG_INFORMATION_FORMAT = "dwarf-with-dsym";
				DEFINES_MODULE = YES;
				DYLIB_COMPATIBILITY_VERSION = 1;
				DYLIB_CURRENT_VERSION = 1;
				DYLIB_INSTALL_NAME_BASE = "@rpath";
				ENABLE_STRICT_OBJC_MSGSEND = YES;
				FRAMEWORK_VERSION = A;
				GCC_NO_COMMON_BLOCKS = YES;
				GCC_WARN_ABOUT_RETURN_TYPE = YES_ERROR;
				GCC_WARN_UNINITIALIZED_AUTOS = YES_AGGRESSIVE;
				INFOPLIST_FILE = Source/Info.plist;
				INFOPLIST_OUTPUT_FORMAT = binary;
				INSTALL_PATH = "$(LOCAL_LIBRARY_DIR)/Frameworks";
				LD_RUNPATH_SEARCH_PATHS = "$(inherited) @executable_path/../Frameworks @loader_path/Frameworks";
				MACOSX_DEPLOYMENT_TARGET = 10.10;
				MTL_ENABLE_DEBUG_INFO = NO;
				PRODUCT_BUNDLE_IDENTIFIER = io.Satyam.ForecastIO;
				PRODUCT_NAME = ForecastIO;
				SDKROOT = macosx;
				SKIP_INSTALL = YES;
				SWIFT_OPTIMIZATION_LEVEL = "-Owholemodule";
				SWIFT_VERSION = 3.0;
				VERSIONING_SYSTEM = "apple-generic";
				VERSION_INFO_PREFIX = "";
			};
			name = Release;
		};
		D4446E831C51538000FBC8A8 /* Debug */ = {
			isa = XCBuildConfiguration;
			baseConfigurationReference = BF213A74D8DC9F42C361755D /* Pods-ForecastIO macOS Tests.debug.xcconfig */;
			buildSettings = {
				ALWAYS_EMBED_SWIFT_STANDARD_LIBRARIES = YES;
				CLANG_WARN_DIRECT_OBJC_ISA_USAGE = YES_ERROR;
				CLANG_WARN_OBJC_ROOT_CLASS = YES_ERROR;
				CODE_SIGN_IDENTITY = "Mac Developer";
				COMBINE_HIDPI_IMAGES = YES;
				DEBUG_INFORMATION_FORMAT = dwarf;
				DEVELOPMENT_TEAM = 76333YNXLE;
				ENABLE_STRICT_OBJC_MSGSEND = YES;
				GCC_NO_COMMON_BLOCKS = YES;
				GCC_WARN_ABOUT_RETURN_TYPE = YES_ERROR;
				GCC_WARN_UNINITIALIZED_AUTOS = YES_AGGRESSIVE;
				INFOPLIST_FILE = Tests/Info.plist;
				INFOPLIST_OUTPUT_FORMAT = binary;
				LD_RUNPATH_SEARCH_PATHS = "$(inherited) @executable_path/../Frameworks @loader_path/../Frameworks";
				MACOSX_DEPLOYMENT_TARGET = 10.10;
				MTL_ENABLE_DEBUG_INFO = YES;
				PRODUCT_BUNDLE_IDENTIFIER = "io.Satyam.ForecastIO-OSX-Tests";
				PRODUCT_NAME = "$(TARGET_NAME)";
				SDKROOT = macosx;
				SWIFT_OPTIMIZATION_LEVEL = "-Onone";
				SWIFT_VERSION = 3.0;
			};
			name = Debug;
		};
		D4446E841C51538000FBC8A8 /* Release */ = {
			isa = XCBuildConfiguration;
			baseConfigurationReference = 9B1B356DACA6D8F6203D8BA3 /* Pods-ForecastIO macOS Tests.release.xcconfig */;
			buildSettings = {
				ALWAYS_EMBED_SWIFT_STANDARD_LIBRARIES = YES;
				CLANG_WARN_DIRECT_OBJC_ISA_USAGE = YES_ERROR;
				CLANG_WARN_OBJC_ROOT_CLASS = YES_ERROR;
				CODE_SIGN_IDENTITY = "Mac Developer";
				COMBINE_HIDPI_IMAGES = YES;
				COPY_PHASE_STRIP = NO;
				DEBUG_INFORMATION_FORMAT = "dwarf-with-dsym";
				DEVELOPMENT_TEAM = 76333YNXLE;
				ENABLE_STRICT_OBJC_MSGSEND = YES;
				GCC_NO_COMMON_BLOCKS = YES;
				GCC_WARN_ABOUT_RETURN_TYPE = YES_ERROR;
				GCC_WARN_UNINITIALIZED_AUTOS = YES_AGGRESSIVE;
				INFOPLIST_FILE = Tests/Info.plist;
				INFOPLIST_OUTPUT_FORMAT = binary;
				LD_RUNPATH_SEARCH_PATHS = "$(inherited) @executable_path/../Frameworks @loader_path/../Frameworks";
				MACOSX_DEPLOYMENT_TARGET = 10.10;
				MTL_ENABLE_DEBUG_INFO = NO;
				PRODUCT_BUNDLE_IDENTIFIER = "io.Satyam.ForecastIO-OSX-Tests";
				PRODUCT_NAME = "$(TARGET_NAME)";
				SDKROOT = macosx;
				SWIFT_OPTIMIZATION_LEVEL = "-Owholemodule";
				SWIFT_VERSION = 3.0;
			};
			name = Release;
		};
		D4A480781C507CE70053EB05 /* Debug */ = {
			isa = XCBuildConfiguration;
			buildSettings = {
				CLANG_ENABLE_MODULES = YES;
				"CODE_SIGN_IDENTITY[sdk=iphoneos*]" = "iPhone Developer";
				"CODE_SIGN_IDENTITY[sdk=watchos*]" = "";
				CURRENT_PROJECT_VERSION = 1;
				DEFINES_MODULE = YES;
				DEVELOPMENT_TEAM = "";
				DYLIB_COMPATIBILITY_VERSION = 1;
				DYLIB_CURRENT_VERSION = 1;
				DYLIB_INSTALL_NAME_BASE = "@rpath";
				ENABLE_STRICT_OBJC_MSGSEND = YES;
				GCC_PREFIX_HEADER = "Example/Pods/Target Support Files/ForecastIO/ForecastIO-prefix.pch";
				INFOPLIST_FILE = Source/Info.plist;
				INSTALL_PATH = "$(LOCAL_LIBRARY_DIR)/Frameworks";
				IPHONEOS_DEPLOYMENT_TARGET = 8.0;
				LD_RUNPATH_SEARCH_PATHS = "$(inherited) @executable_path/Frameworks @loader_path/Frameworks";
				MODULEMAP_FILE = "";
				MTL_ENABLE_DEBUG_INFO = YES;
				PRODUCT_BUNDLE_IDENTIFIER = io.Satyam.ForecastIO;
				PRODUCT_NAME = ForecastIO;
				SDKROOT = watchos;
				SKIP_INSTALL = YES;
				SUPPORTED_PLATFORMS = "watchsimulator watchos";
				SWIFT_OPTIMIZATION_LEVEL = "-Onone";
				SWIFT_VERSION = 3.0;
				TARGETED_DEVICE_FAMILY = 4;
				TVOS_DEPLOYMENT_TARGET = 9.0;
				VERSIONING_SYSTEM = "apple-generic";
				VERSION_INFO_PREFIX = "";
				WATCHOS_DEPLOYMENT_TARGET = 2.0;
			};
			name = Debug;
		};
		D4A480791C507CE70053EB05 /* Release */ = {
			isa = XCBuildConfiguration;
			buildSettings = {
				CLANG_ENABLE_MODULES = YES;
				"CODE_SIGN_IDENTITY[sdk=iphoneos*]" = "iPhone Developer";
				"CODE_SIGN_IDENTITY[sdk=watchos*]" = "";
				CURRENT_PROJECT_VERSION = 1;
				DEFINES_MODULE = YES;
				DEVELOPMENT_TEAM = 76333YNXLE;
				DYLIB_COMPATIBILITY_VERSION = 1;
				DYLIB_CURRENT_VERSION = 1;
				DYLIB_INSTALL_NAME_BASE = "@rpath";
				ENABLE_STRICT_OBJC_MSGSEND = YES;
				GCC_PREFIX_HEADER = "Example/Pods/Target Support Files/ForecastIO/ForecastIO-prefix.pch";
				INFOPLIST_FILE = Source/Info.plist;
				INSTALL_PATH = "$(LOCAL_LIBRARY_DIR)/Frameworks";
				IPHONEOS_DEPLOYMENT_TARGET = 8.0;
				LD_RUNPATH_SEARCH_PATHS = "$(inherited) @executable_path/Frameworks @loader_path/Frameworks";
				MODULEMAP_FILE = "";
				MTL_ENABLE_DEBUG_INFO = NO;
				PRODUCT_BUNDLE_IDENTIFIER = io.Satyam.ForecastIO;
				PRODUCT_NAME = ForecastIO;
				SDKROOT = watchos;
				SKIP_INSTALL = YES;
				SUPPORTED_PLATFORMS = "watchsimulator watchos";
				SWIFT_OPTIMIZATION_LEVEL = "-Owholemodule";
				SWIFT_VERSION = 3.0;
				TARGETED_DEVICE_FAMILY = 4;
				TVOS_DEPLOYMENT_TARGET = 9.0;
				VERSIONING_SYSTEM = "apple-generic";
				VERSION_INFO_PREFIX = "";
				WATCHOS_DEPLOYMENT_TARGET = 2.0;
			};
			name = Release;
		};
		D4A480911C507D730053EB05 /* Debug */ = {
			isa = XCBuildConfiguration;
			buildSettings = {
				CLANG_ENABLE_MODULES = YES;
				"CODE_SIGN_IDENTITY[sdk=appletvos*]" = "";
				"CODE_SIGN_IDENTITY[sdk=iphoneos*]" = "iPhone Developer";
				CURRENT_PROJECT_VERSION = 1;
				DEFINES_MODULE = YES;
				DEVELOPMENT_TEAM = "";
				DYLIB_COMPATIBILITY_VERSION = 1;
				DYLIB_CURRENT_VERSION = 1;
				DYLIB_INSTALL_NAME_BASE = "@rpath";
				ENABLE_STRICT_OBJC_MSGSEND = YES;
				GCC_PREFIX_HEADER = "Example/Pods/Target Support Files/ForecastIO/ForecastIO-prefix.pch";
				INFOPLIST_FILE = Source/Info.plist;
				INSTALL_PATH = "$(LOCAL_LIBRARY_DIR)/Frameworks";
				IPHONEOS_DEPLOYMENT_TARGET = 8.0;
				LD_RUNPATH_SEARCH_PATHS = "$(inherited) @executable_path/Frameworks @loader_path/Frameworks";
				MODULEMAP_FILE = "";
				MTL_ENABLE_DEBUG_INFO = YES;
				PRODUCT_BUNDLE_IDENTIFIER = io.Satyam.ForecastIO;
				PRODUCT_NAME = ForecastIO;
				SDKROOT = appletvos;
				SKIP_INSTALL = YES;
				SUPPORTED_PLATFORMS = "appletvsimulator appletvos";
				SWIFT_OPTIMIZATION_LEVEL = "-Onone";
				SWIFT_VERSION = 3.0;
				TARGETED_DEVICE_FAMILY = 3;
				TVOS_DEPLOYMENT_TARGET = 9.0;
				VERSIONING_SYSTEM = "apple-generic";
				VERSION_INFO_PREFIX = "";
				WATCHOS_DEPLOYMENT_TARGET = 2.0;
			};
			name = Debug;
		};
		D4A480921C507D730053EB05 /* Release */ = {
			isa = XCBuildConfiguration;
			buildSettings = {
				CLANG_ENABLE_MODULES = YES;
				"CODE_SIGN_IDENTITY[sdk=appletvos*]" = "";
				"CODE_SIGN_IDENTITY[sdk=iphoneos*]" = "iPhone Developer";
				CURRENT_PROJECT_VERSION = 1;
				DEFINES_MODULE = YES;
				DEVELOPMENT_TEAM = 76333YNXLE;
				DYLIB_COMPATIBILITY_VERSION = 1;
				DYLIB_CURRENT_VERSION = 1;
				DYLIB_INSTALL_NAME_BASE = "@rpath";
				ENABLE_STRICT_OBJC_MSGSEND = YES;
				GCC_PREFIX_HEADER = "Example/Pods/Target Support Files/ForecastIO/ForecastIO-prefix.pch";
				INFOPLIST_FILE = Source/Info.plist;
				INSTALL_PATH = "$(LOCAL_LIBRARY_DIR)/Frameworks";
				IPHONEOS_DEPLOYMENT_TARGET = 8.0;
				LD_RUNPATH_SEARCH_PATHS = "$(inherited) @executable_path/Frameworks @loader_path/Frameworks";
				MODULEMAP_FILE = "";
				MTL_ENABLE_DEBUG_INFO = NO;
				PRODUCT_BUNDLE_IDENTIFIER = io.Satyam.ForecastIO;
				PRODUCT_NAME = ForecastIO;
				SDKROOT = appletvos;
				SKIP_INSTALL = YES;
				SUPPORTED_PLATFORMS = "appletvsimulator appletvos";
				SWIFT_OPTIMIZATION_LEVEL = "-Owholemodule";
				SWIFT_VERSION = 3.0;
				TARGETED_DEVICE_FAMILY = 3;
				TVOS_DEPLOYMENT_TARGET = 9.0;
				VERSIONING_SYSTEM = "apple-generic";
				VERSION_INFO_PREFIX = "";
				WATCHOS_DEPLOYMENT_TARGET = 2.0;
			};
			name = Release;
		};
		D4DE2AD21C513EA00063A7CA /* Debug */ = {
			isa = XCBuildConfiguration;
			baseConfigurationReference = 191359B70894BED3AA7BABDA /* Pods-ForecastIO tvOS Tests.debug.xcconfig */;
			buildSettings = {
				ALWAYS_EMBED_SWIFT_STANDARD_LIBRARIES = YES;
				CLANG_WARN_DIRECT_OBJC_ISA_USAGE = YES_ERROR;
				CLANG_WARN_OBJC_ROOT_CLASS = YES_ERROR;
				"CODE_SIGN_IDENTITY[sdk=iphoneos*]" = "iPhone Developer";
				DEBUG_INFORMATION_FORMAT = dwarf;
				DEVELOPMENT_TEAM = 76333YNXLE;
				ENABLE_STRICT_OBJC_MSGSEND = YES;
				GCC_NO_COMMON_BLOCKS = YES;
				GCC_WARN_ABOUT_RETURN_TYPE = YES_ERROR;
				GCC_WARN_UNINITIALIZED_AUTOS = YES_AGGRESSIVE;
				INFOPLIST_FILE = Tests/Info.plist;
				IPHONEOS_DEPLOYMENT_TARGET = 9.2;
				LD_RUNPATH_SEARCH_PATHS = "$(inherited) @executable_path/Frameworks @loader_path/Frameworks";
				MTL_ENABLE_DEBUG_INFO = YES;
				PRODUCT_BUNDLE_IDENTIFIER = "io.Satyam.ForecastIO-tvOS-Tests";
				PRODUCT_NAME = "$(TARGET_NAME)";
				SDKROOT = appletvos;
				SWIFT_OPTIMIZATION_LEVEL = "-Onone";
				SWIFT_VERSION = 3.0;
			};
			name = Debug;
		};
		D4DE2AD31C513EA00063A7CA /* Release */ = {
			isa = XCBuildConfiguration;
			baseConfigurationReference = 092D5794F1D9F9ED48D55505 /* Pods-ForecastIO tvOS Tests.release.xcconfig */;
			buildSettings = {
				ALWAYS_EMBED_SWIFT_STANDARD_LIBRARIES = YES;
				CLANG_WARN_DIRECT_OBJC_ISA_USAGE = YES_ERROR;
				CLANG_WARN_OBJC_ROOT_CLASS = YES_ERROR;
				"CODE_SIGN_IDENTITY[sdk=iphoneos*]" = "iPhone Developer";
				COPY_PHASE_STRIP = NO;
				DEBUG_INFORMATION_FORMAT = "dwarf-with-dsym";
				DEVELOPMENT_TEAM = 76333YNXLE;
				ENABLE_STRICT_OBJC_MSGSEND = YES;
				GCC_NO_COMMON_BLOCKS = YES;
				GCC_WARN_ABOUT_RETURN_TYPE = YES_ERROR;
				GCC_WARN_UNINITIALIZED_AUTOS = YES_AGGRESSIVE;
				INFOPLIST_FILE = Tests/Info.plist;
				IPHONEOS_DEPLOYMENT_TARGET = 9.2;
				LD_RUNPATH_SEARCH_PATHS = "$(inherited) @executable_path/Frameworks @loader_path/Frameworks";
				MTL_ENABLE_DEBUG_INFO = NO;
				PRODUCT_BUNDLE_IDENTIFIER = "io.Satyam.ForecastIO-tvOS-Tests";
				PRODUCT_NAME = "$(TARGET_NAME)";
				SDKROOT = appletvos;
				SWIFT_OPTIMIZATION_LEVEL = "-Owholemodule";
				SWIFT_VERSION = 3.0;
			};
			name = Release;
		};
/* End XCBuildConfiguration section */

/* Begin XCConfigurationList section */
		2D8E8EC45A3A1A1D94AE762CB5028504 /* Build configuration list for PBXProject "ForecastIO" */ = {
			isa = XCConfigurationList;
			buildConfigurations = (
				552D02D5BA751AC2E8790D2811D496CA /* Debug */,
				10DE1947DAC0ED28F6C0A9F9BD75D546 /* Release */,
			);
			defaultConfigurationIsVisible = 0;
			defaultConfigurationName = Release;
		};
		4A8B23591D447FB300ACBAA8 /* Build configuration list for PBXNativeTarget "ForecastIO iOS Tests" */ = {
			isa = XCConfigurationList;
			buildConfigurations = (
				4A8B235A1D447FB300ACBAA8 /* Debug */,
				4A8B235B1D447FB300ACBAA8 /* Release */,
			);
			defaultConfigurationIsVisible = 0;
			defaultConfigurationName = Release;
		};
		A32B4C69B09BE0AB58844B048FB52E83 /* Build configuration list for PBXNativeTarget "ForecastIO iOS" */ = {
			isa = XCConfigurationList;
			buildConfigurations = (
				2A2767FDBC38C8A994A3F3791D4B7A52 /* Debug */,
				00D7EA52FE21C9939012A94A39080C6A /* Release */,
			);
			defaultConfigurationIsVisible = 0;
			defaultConfigurationName = Release;
		};
		D4446E851C51538000FBC8A8 /* Build configuration list for PBXNativeTarget "ForecastIO macOS" */ = {
			isa = XCConfigurationList;
			buildConfigurations = (
				D4446E811C51538000FBC8A8 /* Debug */,
				D4446E821C51538000FBC8A8 /* Release */,
			);
			defaultConfigurationIsVisible = 0;
			defaultConfigurationName = Release;
		};
		D4446E861C51538000FBC8A8 /* Build configuration list for PBXNativeTarget "ForecastIO macOS Tests" */ = {
			isa = XCConfigurationList;
			buildConfigurations = (
				D4446E831C51538000FBC8A8 /* Debug */,
				D4446E841C51538000FBC8A8 /* Release */,
			);
			defaultConfigurationIsVisible = 0;
			defaultConfigurationName = Release;
		};
		D4A480771C507CE70053EB05 /* Build configuration list for PBXNativeTarget "ForecastIO watchOS" */ = {
			isa = XCConfigurationList;
			buildConfigurations = (
				D4A480781C507CE70053EB05 /* Debug */,
				D4A480791C507CE70053EB05 /* Release */,
			);
			defaultConfigurationIsVisible = 0;
			defaultConfigurationName = Release;
		};
		D4A480901C507D730053EB05 /* Build configuration list for PBXNativeTarget "ForecastIO tvOS" */ = {
			isa = XCConfigurationList;
			buildConfigurations = (
				D4A480911C507D730053EB05 /* Debug */,
				D4A480921C507D730053EB05 /* Release */,
			);
			defaultConfigurationIsVisible = 0;
			defaultConfigurationName = Release;
		};
		D4DE2AD11C513EA00063A7CA /* Build configuration list for PBXNativeTarget "ForecastIO tvOS Tests" */ = {
			isa = XCConfigurationList;
			buildConfigurations = (
				D4DE2AD21C513EA00063A7CA /* Debug */,
				D4DE2AD31C513EA00063A7CA /* Release */,
			);
			defaultConfigurationIsVisible = 0;
			defaultConfigurationName = Release;
		};
/* End XCConfigurationList section */
	};
	rootObject = D41D8CD98F00B204E9800998ECF8427E /* Project object */;
}
